
Microsoft Visual Studio Solution File, Format Version 12.00
# Visual Studio Version 17
VisualStudioVersion = 17.12.35707.178
MinimumVisualStudioVersion = 10.0.40219.1
Project("{FAE04EC0-301F-11D3-BF4B-00C04F79EFBC}") = "Pathfinding.App.Console", "src\Pathfinding.App.Console\Pathfinding.App.Console.csproj", "{D073FD3F-7295-4426-AB4E-A02F199F2AA2}"
EndProject
Project("{2150E333-8FDC-42A3-9474-1A3956D46DE8}") = "App", "App", "{441E8EB0-A66B-4951-B0AD-1DDFD70CEE9B}"
EndProject
Project("{2150E333-8FDC-42A3-9474-1A3956D46DE8}") = "Infrastrcuture", "Infrastrcuture", "{32AA72D6-526C-4CB2-9D90-BDC12F5A647E}"
EndProject
Project("{2150E333-8FDC-42A3-9474-1A3956D46DE8}") = "Service", "Service", "{CA724631-FFAA-46C6-AE9C-D0CCEA16A5DB}"
EndProject
Project("{FAE04EC0-301F-11D3-BF4B-00C04F79EFBC}") = "Pathfinding.Infrastructure.Business", "src\Pathfinding.Infrastructure.Business\Pathfinding.Infrastructure.Business.csproj", "{44CD023A-FAB6-4292-9E56-6F9C1979AA07}"
EndProject
Project("{FAE04EC0-301F-11D3-BF4B-00C04F79EFBC}") = "Pathfinding.Infrastructure.Data", "src\Pathfinding.Infrastructure.Data\Pathfinding.Infrastructure.Data.csproj", "{ED694167-3E88-404B-B520-D3A9C4AE788D}"
EndProject
Project("{2150E333-8FDC-42A3-9474-1A3956D46DE8}") = "Domain", "Domain", "{8B556C71-7D49-4EC3-9043-9862F79B294A}"
EndProject
Project("{FAE04EC0-301F-11D3-BF4B-00C04F79EFBC}") = "Pathfinding.Domain.Core", "src\Pathfinding.Domain.Core\Pathfinding.Domain.Core.csproj", "{FA131050-F36C-43B6-AD1C-88482EA9F259}"
EndProject
Project("{FAE04EC0-301F-11D3-BF4B-00C04F79EFBC}") = "Pathfinding.Domain.Interface", "src\Pathfinding.Domain.Interface\Pathfinding.Domain.Interface.csproj", "{5B58795B-26A2-4B97-BC0A-79B37BD35223}"
EndProject
Project("{FAE04EC0-301F-11D3-BF4B-00C04F79EFBC}") = "Pathfinding.Service.Interface", "src\Pathfinding.Service.Interface\Pathfinding.Service.Interface.csproj", "{B7101402-E042-40FF-A4CE-63AA915B0102}"
EndProject
Project("{FAE04EC0-301F-11D3-BF4B-00C04F79EFBC}") = "Pathfinding.Shared", "src\Pathfinding.Shared\Pathfinding.Shared.csproj", "{9497D358-B5F1-4753-881A-227DCD92739C}"
EndProject
Project("{FAE04EC0-301F-11D3-BF4B-00C04F79EFBC}") = "Pathfinding.App.Console.Tests", "tests\Pathfinding.App.Console.Tests\Pathfinding.App.Console.Tests.csproj", "{DBBB641F-AE69-4566-90BF-C8439FB644B8}"
EndProject
Project("{FAE04EC0-301F-11D3-BF4B-00C04F79EFBC}") = "Pathfinding.Infrastructure.Business.Tests", "tests\Pathfinding.Infrastructure.Business.Tests\Pathfinding.Infrastructure.Business.Tests.csproj", "{31E8B51C-1367-4A53-8EC2-69EDA07DEA4B}"
EndProject
Project("{FAE04EC0-301F-11D3-BF4B-00C04F79EFBC}") = "Pathfinding.Logging", "src\Pathfinding.Logging\Pathfinding.Logging.csproj", "{42D81F9D-ACB6-456B-A0AD-CDB05C1FDF8F}"
EndProject
Project("{FAE04EC0-301F-11D3-BF4B-00C04F79EFBC}") = "Pathfinding.Infrastructure.Business.Benchmarks", "benchmarks\Pathfinding.Infrastructure.Business.Benchmarks\Pathfinding.Infrastructure.Business.Benchmarks.csproj", "{E2E5C5CA-6856-473D-A4C6-292F0B04CCB9}"
EndProject
Project("{FAE04EC0-301F-11D3-BF4B-00C04F79EFBC}") = "Pathfinding.Shared.Benchmarks", "benchmarks\Pathfinding.Shared.Benchmarks\Pathfinding.Shared.Benchmarks.csproj", "{F4307AFC-533A-4633-837C-D03C63BD964E}"
EndProject
Global
	GlobalSection(SolutionConfigurationPlatforms) = preSolution
		Debug|Any CPU = Debug|Any CPU
		Release|Any CPU = Release|Any CPU
	EndGlobalSection
	GlobalSection(ProjectConfigurationPlatforms) = postSolution
		{D073FD3F-7295-4426-AB4E-A02F199F2AA2}.Debug|Any CPU.ActiveCfg = Debug|Any CPU
		{D073FD3F-7295-4426-AB4E-A02F199F2AA2}.Debug|Any CPU.Build.0 = Debug|Any CPU
		{D073FD3F-7295-4426-AB4E-A02F199F2AA2}.Release|Any CPU.ActiveCfg = Release|Any CPU
		{D073FD3F-7295-4426-AB4E-A02F199F2AA2}.Release|Any CPU.Build.0 = Release|Any CPU
		{44CD023A-FAB6-4292-9E56-6F9C1979AA07}.Debug|Any CPU.ActiveCfg = Debug|Any CPU
		{44CD023A-FAB6-4292-9E56-6F9C1979AA07}.Debug|Any CPU.Build.0 = Debug|Any CPU
		{44CD023A-FAB6-4292-9E56-6F9C1979AA07}.Release|Any CPU.ActiveCfg = Release|Any CPU
		{44CD023A-FAB6-4292-9E56-6F9C1979AA07}.Release|Any CPU.Build.0 = Release|Any CPU
		{ED694167-3E88-404B-B520-D3A9C4AE788D}.Debug|Any CPU.ActiveCfg = Debug|Any CPU
		{ED694167-3E88-404B-B520-D3A9C4AE788D}.Debug|Any CPU.Build.0 = Debug|Any CPU
		{ED694167-3E88-404B-B520-D3A9C4AE788D}.Release|Any CPU.ActiveCfg = Release|Any CPU
		{ED694167-3E88-404B-B520-D3A9C4AE788D}.Release|Any CPU.Build.0 = Release|Any CPU
		{FA131050-F36C-43B6-AD1C-88482EA9F259}.Debug|Any CPU.ActiveCfg = Debug|Any CPU
		{FA131050-F36C-43B6-AD1C-88482EA9F259}.Debug|Any CPU.Build.0 = Debug|Any CPU
		{FA131050-F36C-43B6-AD1C-88482EA9F259}.Release|Any CPU.ActiveCfg = Release|Any CPU
		{FA131050-F36C-43B6-AD1C-88482EA9F259}.Release|Any CPU.Build.0 = Release|Any CPU
		{5B58795B-26A2-4B97-BC0A-79B37BD35223}.Debug|Any CPU.ActiveCfg = Debug|Any CPU
		{5B58795B-26A2-4B97-BC0A-79B37BD35223}.Debug|Any CPU.Build.0 = Debug|Any CPU
		{5B58795B-26A2-4B97-BC0A-79B37BD35223}.Release|Any CPU.ActiveCfg = Release|Any CPU
		{5B58795B-26A2-4B97-BC0A-79B37BD35223}.Release|Any CPU.Build.0 = Release|Any CPU
		{B7101402-E042-40FF-A4CE-63AA915B0102}.Debug|Any CPU.ActiveCfg = Debug|Any CPU
		{B7101402-E042-40FF-A4CE-63AA915B0102}.Debug|Any CPU.Build.0 = Debug|Any CPU
		{B7101402-E042-40FF-A4CE-63AA915B0102}.Release|Any CPU.ActiveCfg = Release|Any CPU
		{B7101402-E042-40FF-A4CE-63AA915B0102}.Release|Any CPU.Build.0 = Release|Any CPU
		{9497D358-B5F1-4753-881A-227DCD92739C}.Debug|Any CPU.ActiveCfg = Debug|Any CPU
		{9497D358-B5F1-4753-881A-227DCD92739C}.Debug|Any CPU.Build.0 = Debug|Any CPU
		{9497D358-B5F1-4753-881A-227DCD92739C}.Release|Any CPU.ActiveCfg = Release|Any CPU
		{9497D358-B5F1-4753-881A-227DCD92739C}.Release|Any CPU.Build.0 = Release|Any CPU
		{DBBB641F-AE69-4566-90BF-C8439FB644B8}.Debug|Any CPU.ActiveCfg = Debug|Any CPU
		{DBBB641F-AE69-4566-90BF-C8439FB644B8}.Debug|Any CPU.Build.0 = Debug|Any CPU
		{DBBB641F-AE69-4566-90BF-C8439FB644B8}.Release|Any CPU.ActiveCfg = Release|Any CPU
		{DBBB641F-AE69-4566-90BF-C8439FB644B8}.Release|Any CPU.Build.0 = Release|Any CPU
		{31E8B51C-1367-4A53-8EC2-69EDA07DEA4B}.Debug|Any CPU.ActiveCfg = Debug|Any CPU
		{31E8B51C-1367-4A53-8EC2-69EDA07DEA4B}.Debug|Any CPU.Build.0 = Debug|Any CPU
		{31E8B51C-1367-4A53-8EC2-69EDA07DEA4B}.Release|Any CPU.ActiveCfg = Release|Any CPU
		{31E8B51C-1367-4A53-8EC2-69EDA07DEA4B}.Release|Any CPU.Build.0 = Release|Any CPU
		{42D81F9D-ACB6-456B-A0AD-CDB05C1FDF8F}.Debug|Any CPU.ActiveCfg = Debug|Any CPU
		{42D81F9D-ACB6-456B-A0AD-CDB05C1FDF8F}.Debug|Any CPU.Build.0 = Debug|Any CPU
		{42D81F9D-ACB6-456B-A0AD-CDB05C1FDF8F}.Release|Any CPU.ActiveCfg = Release|Any CPU
		{42D81F9D-ACB6-456B-A0AD-CDB05C1FDF8F}.Release|Any CPU.Build.0 = Release|Any CPU
		{E2E5C5CA-6856-473D-A4C6-292F0B04CCB9}.Debug|Any CPU.ActiveCfg = Debug|Any CPU
		{E2E5C5CA-6856-473D-A4C6-292F0B04CCB9}.Debug|Any CPU.Build.0 = Debug|Any CPU
		{E2E5C5CA-6856-473D-A4C6-292F0B04CCB9}.Release|Any CPU.ActiveCfg = Release|Any CPU
		{E2E5C5CA-6856-473D-A4C6-292F0B04CCB9}.Release|Any CPU.Build.0 = Release|Any CPU
		{F4307AFC-533A-4633-837C-D03C63BD964E}.Debug|Any CPU.ActiveCfg = Debug|Any CPU
		{F4307AFC-533A-4633-837C-D03C63BD964E}.Debug|Any CPU.Build.0 = Debug|Any CPU
		{F4307AFC-533A-4633-837C-D03C63BD964E}.Release|Any CPU.ActiveCfg = Release|Any CPU
		{F4307AFC-533A-4633-837C-D03C63BD964E}.Release|Any CPU.Build.0 = Release|Any CPU
	EndGlobalSection
	GlobalSection(SolutionProperties) = preSolution
		HideSolutionNode = FALSE
	EndGlobalSection
	GlobalSection(NestedProjects) = preSolution
		{D073FD3F-7295-4426-AB4E-A02F199F2AA2} = {441E8EB0-A66B-4951-B0AD-1DDFD70CEE9B}
		{44CD023A-FAB6-4292-9E56-6F9C1979AA07} = {32AA72D6-526C-4CB2-9D90-BDC12F5A647E}
		{ED694167-3E88-404B-B520-D3A9C4AE788D} = {32AA72D6-526C-4CB2-9D90-BDC12F5A647E}
		{FA131050-F36C-43B6-AD1C-88482EA9F259} = {8B556C71-7D49-4EC3-9043-9862F79B294A}
		{5B58795B-26A2-4B97-BC0A-79B37BD35223} = {8B556C71-7D49-4EC3-9043-9862F79B294A}
		{B7101402-E042-40FF-A4CE-63AA915B0102} = {CA724631-FFAA-46C6-AE9C-D0CCEA16A5DB}
		{DBBB641F-AE69-4566-90BF-C8439FB644B8} = {441E8EB0-A66B-4951-B0AD-1DDFD70CEE9B}
		{31E8B51C-1367-4A53-8EC2-69EDA07DEA4B} = {32AA72D6-526C-4CB2-9D90-BDC12F5A647E}
		{E2E5C5CA-6856-473D-A4C6-292F0B04CCB9} = {32AA72D6-526C-4CB2-9D90-BDC12F5A647E}
	EndGlobalSection
EndGlobal
