
Microsoft Visual Studio Solution File, Format Version 12.00
# Visual Studio 15
VisualStudioVersion = 15.0.28307.1000
MinimumVisualStudioVersion = 10.0.40219.1
Project("{FAE04EC0-301F-11D3-BF4B-00C04F79EFBC}") = "WinFormsVersion", "SearchAlgorythms\WinFormsVersion.csproj", "{5E9A04B8-B760-4D2F-A50D-ABF1062EEB66}"
EndProject
Project("{FAE04EC0-301F-11D3-BF4B-00C04F79EFBC}") = "ConsoleVersion", "ConsoleApp1\ConsoleVersion.csproj", "{21737C42-9926-4992-BBFC-F2BEA9B4561A}"
EndProject
Project("{FAE04EC0-301F-11D3-BF4B-00C04F79EFBC}") = "GraphLibrary", "GraphLibrary\GraphLibrary.csproj", "{5441521C-1754-4098-A843-8904910700E8}"
EndProject
Global
	GlobalSection(SolutionConfigurationPlatforms) = preSolution
		Debug|Any CPU = Debug|Any CPU
		Release|Any CPU = Release|Any CPU
	EndGlobalSection
	GlobalSection(ProjectConfigurationPlatforms) = postSolution
		{5E9A04B8-B760-4D2F-A50D-ABF1062EEB66}.Debug|Any CPU.ActiveCfg = Debug|Any CPU
		{5E9A04B8-B760-4D2F-A50D-ABF1062EEB66}.Debug|Any CPU.Build.0 = Debug|Any CPU
		{5E9A04B8-B760-4D2F-A50D-ABF1062EEB66}.Release|Any CPU.ActiveCfg = Release|Any CPU
		{5E9A04B8-B760-4D2F-A50D-ABF1062EEB66}.Release|Any CPU.Build.0 = Release|Any CPU
		{21737C42-9926-4992-BBFC-F2BEA9B4561A}.Debug|Any CPU.ActiveCfg = Debug|Any CPU
		{21737C42-9926-4992-BBFC-F2BEA9B4561A}.Debug|Any CPU.Build.0 = Debug|Any CPU
		{21737C42-9926-4992-BBFC-F2BEA9B4561A}.Release|Any CPU.ActiveCfg = Release|Any CPU
		{21737C42-9926-4992-BBFC-F2BEA9B4561A}.Release|Any CPU.Build.0 = Release|Any CPU
		{5441521C-1754-4098-A843-8904910700E8}.Debug|Any CPU.ActiveCfg = Debug|Any CPU
		{5441521C-1754-4098-A843-8904910700E8}.Debug|Any CPU.Build.0 = Debug|Any CPU
		{5441521C-1754-4098-A843-8904910700E8}.Release|Any CPU.ActiveCfg = Release|Any CPU
		{5441521C-1754-4098-A843-8904910700E8}.Release|Any CPU.Build.0 = Release|Any CPU
	EndGlobalSection
	GlobalSection(SolutionProperties) = preSolution
		HideSolutionNode = FALSE
	EndGlobalSection
	GlobalSection(ExtensibilityGlobals) = postSolution
		SolutionGuid = {97B689F4-F324-4048-A586-6D7150C9C419}
	EndGlobalSection
EndGlobal
