
Microsoft Visual Studio Solution File, Format Version 12.00
# Visual Studio Version 16
VisualStudioVersion = 16.0.30907.101
MinimumVisualStudioVersion = 10.0.40219.1
Project("{FAE04EC0-301F-11D3-BF4B-00C04F79EFBC}") = "Common", "Common\Common.csproj", "{A5A743F5-D346-4B2B-B6AC-07152F64E4D9}"
EndProject
Project("{FAE04EC0-301F-11D3-BF4B-00C04F79EFBC}") = "GraphViewModel", "GraphViewModel\GraphViewModel.csproj", "{16D6E068-2A1C-4903-930F-762681A2802E}"
EndProject
Project("{2150E333-8FDC-42A3-9474-1A3956D46DE8}") = "Apps", "Apps", "{8786CE26-2414-4E8F-BC64-825BED0390E9}"
EndProject
Project("{2150E333-8FDC-42A3-9474-1A3956D46DE8}") = "GraphLib", "GraphLib", "{FC422D56-6D0C-48D8-9F47-A6B3B43623B3}"
EndProject
Project("{2150E333-8FDC-42A3-9474-1A3956D46DE8}") = "Algorithm", "Algorithm", "{C2095ABE-A68C-4A85-82E8-D12C8D5FB2AD}"
EndProject
Project("{FAE04EC0-301F-11D3-BF4B-00C04F79EFBC}") = "Algorithm.Base", "Algorithm\Algorithm.Base\Algorithm.Base.csproj", "{04393071-3BA6-42C5-89D8-A89E3AC34511}"
EndProject
Project("{FAE04EC0-301F-11D3-BF4B-00C04F79EFBC}") = "Algorithm.Extensions", "Algorithm\Algorithm.Extensions\Algorithm.Extensions.csproj", "{11C8B301-FE40-44A1-A5A2-BC684B6A56A0}"
EndProject
Project("{FAE04EC0-301F-11D3-BF4B-00C04F79EFBC}") = "Algorithm.Infrastructure", "Algorithm\Algorithm.Infrastructure\Algorithm.Infrastructure.csproj", "{DA2A9A8C-0EF3-4EDB-B026-3FF86DEF9464}"
EndProject
Project("{FAE04EC0-301F-11D3-BF4B-00C04F79EFBC}") = "Algorithm.Interfaces", "Algorithm\Algorithm.Interfaces\Algorithm.Interfaces.csproj", "{FC4F499E-9AB1-4623-9AD8-CFDE0A07B7D0}"
EndProject
Project("{FAE04EC0-301F-11D3-BF4B-00C04F79EFBC}") = "Algorithm.Realizations", "Algorithm\Algorithm.Realizations\Algorithm.Realizations.csproj", "{600D74AF-A0AE-46AA-BCF5-695650BBE66F}"
EndProject
Project("{FAE04EC0-301F-11D3-BF4B-00C04F79EFBC}") = "GraphLib.Base", "GraphLib\GraphLib.Base\GraphLib.Base.csproj", "{6AA3B516-ABFE-4EDA-98DD-1CE799DA747F}"
EndProject
Project("{FAE04EC0-301F-11D3-BF4B-00C04F79EFBC}") = "GraphLib.Interfaces", "GraphLib\GraphLib.Interfaces\GraphLib.Interfaces.csproj", "{D3C5CCFE-698B-41C7-9A72-5FD0262765E1}"
EndProject
Project("{FAE04EC0-301F-11D3-BF4B-00C04F79EFBC}") = "GraphLib.Extensions", "GraphLib\GraphLib.Extensions\GraphLib.Extensions.csproj", "{93F88F47-1871-44CD-9622-EB8D406C969C}"
EndProject
Project("{FAE04EC0-301F-11D3-BF4B-00C04F79EFBC}") = "GraphLib.Realizations", "GraphLib\GraphLib.Realizations\GraphLib.Realizations.csproj", "{B80C5250-3D81-4742-B8A5-84AE39122BA9}"
EndProject
Project("{FAE04EC0-301F-11D3-BF4B-00C04F79EFBC}") = "GraphLib.Serialization", "GraphLib\GraphLib.Serialization\GraphLib.Serialization.csproj", "{412839A0-77FF-4B66-85C9-50DC07E8FDB7}"
EndProject
Project("{FAE04EC0-301F-11D3-BF4B-00C04F79EFBC}") = "WindowsFormsVersion", "Apps\WindowsFormsVersion\WindowsFormsVersion.csproj", "{5E9A04B8-B760-4D2F-A50D-ABF1062EEB66}"
EndProject
Project("{FAE04EC0-301F-11D3-BF4B-00C04F79EFBC}") = "WPFVersion3D", "Apps\WPFVersion3D\WPFVersion3D.csproj", "{C50DAB38-75A5-47F5-A6A0-1165BBE5E283}"
EndProject
Project("{2150E333-8FDC-42A3-9474-1A3956D46DE8}") = "GraphLib.Tests", "GraphLib.Tests", "{ED325929-9D9B-45CD-9C44-B961A631E8C1}"
EndProject
Project("{2150E333-8FDC-42A3-9474-1A3956D46DE8}") = "Algorithm.Tests", "Algorithm.Tests", "{31567AE5-07C5-4655-B00C-22DCCF9684CF}"
EndProject
Project("{9A19103F-16F7-4668-BE54-9A1E7A4F7556}") = "GraphLib.Extensions.Tests", "GraphLib.Tests\GraphLib.Extensions.Tests\GraphLib.Extensions.Tests.csproj", "{66D48A72-29CE-49B3-B397-76A8B9F5C812}"
EndProject
Project("{9A19103F-16F7-4668-BE54-9A1E7A4F7556}") = "GraphLib.Realizations.Tests", "GraphLib.Tests\GraphLib.Realizations.Tests\GraphLib.Realizations.Tests.csproj", "{98499AB1-754E-4FB5-8328-9E8FF5741970}"
EndProject
Project("{9A19103F-16F7-4668-BE54-9A1E7A4F7556}") = "GraphLib.Serialization.Tests", "GraphLib.Tests\GraphLib.Serialization.Tests\GraphLib.Serialization.Tests.csproj", "{8160C8FF-3052-4ED9-A4B7-4FF5408D8EE0}"
EndProject
Project("{9A19103F-16F7-4668-BE54-9A1E7A4F7556}") = "Algorithm.Realizations.Tests", "Algorithm.Tests\Algorithm.Realizations.Tests\Algorithm.Realizations.Tests.csproj", "{6017E08E-C81E-4507-A2AA-838F15299606}"
EndProject
Project("{FAE04EC0-301F-11D3-BF4B-00C04F79EFBC}") = "NullObject", "NullObject\NullObject.csproj", "{51D677FD-7A82-4282-8A2E-51DEBE39E695}"
EndProject
Project("{9A19103F-16F7-4668-BE54-9A1E7A4F7556}") = "NullObject.Tests", "NullObject.Tests\NullObject.Tests.csproj", "{666D186C-5D2A-4AA3-8671-BEEF51C6DF77}"
EndProject
Project("{9A19103F-16F7-4668-BE54-9A1E7A4F7556}") = "Common.Tests", "Common.Tests\Common.Tests.csproj", "{41A6D909-5011-45F5-84CC-8E4FAB8B3D10}"
EndProject
Project("{FAE04EC0-301F-11D3-BF4B-00C04F79EFBC}") = "GraphLib.TestRealizations", "GraphLib\GraphLib.TestRealizations\GraphLib.TestRealizations.csproj", "{8DF766E8-189D-4845-917D-DD60EABF556A}"
EndProject
Project("{FAE04EC0-301F-11D3-BF4B-00C04F79EFBC}") = "GraphLib.NullRealizations", "GraphLib\GraphLib.NullRealizations\GraphLib.NullRealizations.csproj", "{FA595CBF-C9AA-4D4F-AFF7-19E571C91D00}"
EndProject
Project("{FAE04EC0-301F-11D3-BF4B-00C04F79EFBC}") = "Interruptable", "Interruptable\Interruptable.csproj", "{97260353-B5E4-414B-A789-C4B5568089DC}"
EndProject
Project("{FAE04EC0-301F-11D3-BF4B-00C04F79EFBC}") = "Algorithm.Algos", "Algorithm\Algorithm.Algos\Algorithm.Algos.csproj", "{4DE08169-8512-4E1C-91ED-FD42FFC0AF71}"
EndProject
Project("{9A19103F-16F7-4668-BE54-9A1E7A4F7556}") = "Algorithm.Algos.Tests", "Algorithm.Tests\Algorithm.Algos.Tests\Algorithm.Algos.Tests.csproj", "{B30F66B0-D089-4259-A6A4-D8E560E99A6F}"
EndProject
Project("{FAE04EC0-301F-11D3-BF4B-00C04F79EFBC}") = "Algorithm.NullRealizations", "Algorithm\Algorithms.NullRealizations\Algorithm.NullRealizations.csproj", "{FE692FCB-46C0-47A1-80ED-EFDCC811CF69}"
EndProject
Project("{2150E333-8FDC-42A3-9474-1A3956D46DE8}") = "Algorithm.Benchmarks", "Algorithm.Benchmarks", "{8D715FA6-3414-48B3-ADF7-06107D21B20D}"
EndProject
Project("{FAE04EC0-301F-11D3-BF4B-00C04F79EFBC}") = "Algorithm.Algos.Benchmark", "Algorithm.Benchmarks\Algorithm.Algos.Benchmark\Algorithm.Algos.Benchmark.csproj", "{D294DACD-668E-4397-B8E8-F1717D5653B5}"
EndProject
Project("{FAE04EC0-301F-11D3-BF4B-00C04F79EFBC}") = "Algorithm.Factory", "Algorithm\Algorithm.Factory\Algorithm.Factory.csproj", "{8270F3AF-2B53-45E4-9795-89091CEE60D4}"
EndProject
Project("{FAE04EC0-301F-11D3-BF4B-00C04F79EFBC}") = "Visualization", "Visualization\Visualization.csproj", "{ABB541F1-72EC-4607-8515-7A43BCD67B13}"
EndProject
Project("{FAE04EC0-301F-11D3-BF4B-00C04F79EFBC}") = "ValueRange", "ValueRange\ValueRange.csproj", "{EB70607D-CDF4-4D91-BBFE-55F85ACC0A1B}"
EndProject
Project("{FAE04EC0-301F-11D3-BF4B-00C04F79EFBC}") = "Random", "Random\Random.csproj", "{03EB6575-5B74-418F-9231-1B67598C68E8}"
EndProject
Project("{9A19103F-16F7-4668-BE54-9A1E7A4F7556}") = "Random.Tests", "Random.Tests\Random.Tests.csproj", "{0B4A7688-8AB6-4CF5-BBFF-5599E076E2C9}"
EndProject
Project("{9A19103F-16F7-4668-BE54-9A1E7A4F7556}") = "ValueRange.Tests", "ValueRange.Tests\ValueRange.Tests.csproj", "{2EC389E2-362C-4522-8481-7B40E07DFC3E}"
EndProject
Project("{FAE04EC0-301F-11D3-BF4B-00C04F79EFBC}") = "SingletonLib", "SingletonLib\SingletonLib.csproj", "{1F8DE924-837C-4CD6-B902-110E1C565F89}"
EndProject
Project("{FAE04EC0-301F-11D3-BF4B-00C04F79EFBC}") = "GraphLib.Base.EndPoints", "GraphLib\GraphLib.Base.EndPoints\GraphLib.Base.EndPoints.csproj", "{62AE266B-0004-49A2-8769-C4014D4E7042}"
EndProject
Project("{FAE04EC0-301F-11D3-BF4B-00C04F79EFBC}") = "GraphLib.Base.EventHolder", "GraphLib\GraphLib.Base.EventHolder\GraphLib.Base.EventHolder.csproj", "{0A8309F2-7520-4E83-ACF8-B71EE7860E09}"
EndProject
Project("{FAE04EC0-301F-11D3-BF4B-00C04F79EFBC}") = "GraphLib.Proxy", "GraphLib\GraphLib.Proxy\GraphLib.Proxy.csproj", "{51C3BAF5-6AE2-47C4-932B-25687013C2CE}"
EndProject
Project("{FAE04EC0-301F-11D3-BF4B-00C04F79EFBC}") = "Commands", "Commands\Commands.csproj", "{A68B0EB4-3F07-4711-B314-FC1C709A5E2F}"
EndProject
Project("{FAE04EC0-301F-11D3-BF4B-00C04F79EFBC}") = "GraphLib.Utility", "GraphLib\GraphLib.Utility\GraphLib.Utility.csproj", "{9FD961DA-777E-4C9C-9BF2-9EA4FD989C21}"
EndProject
Project("{FAE04EC0-301F-11D3-BF4B-00C04F79EFBC}") = "Algorithm.Exceptions", "Algorithm\Algorithm.Exceptions\Algorithm.Exceptions.csproj", "{09207CB3-EED3-4DBF-A594-6381154E677C}"
EndProject
Project("{2150E333-8FDC-42A3-9474-1A3956D46DE8}") = "PathfindingLayer", "PathfindingLayer", "{90A664C9-2A22-45A1-AF77-14B998126713}"
EndProject
Project("{FAE04EC0-301F-11D3-BF4B-00C04F79EFBC}") = "Pathfinding.GraphLib.Core.Interface", "Pathfinding.GraphLib.Core.Interface\Pathfinding.GraphLib.Core.Interface.csproj", "{5175B72D-BAC7-472C-A396-3936BF1237C0}"
EndProject
Project("{FAE04EC0-301F-11D3-BF4B-00C04F79EFBC}") = "Pathfinding.GraphLib.Factory.Interface", "Pathfinding.GraphLib.Factory.Interface\Pathfinding.GraphLib.Factory.Interface.csproj", "{8C66CBDB-9899-4D80-846A-F197925D3163}"
EndProject
Project("{FAE04EC0-301F-11D3-BF4B-00C04F79EFBC}") = "Pathfinding.GraphLib.Core.Abstractions", "Pathfinding.GraphLib.Core.Abstractions\Pathfinding.GraphLib.Core.Abstractions.csproj", "{7112EB01-28F4-438D-945D-87CB69D14B99}"
EndProject
Project("{2150E333-8FDC-42A3-9474-1A3956D46DE8}") = "Shared", "Shared", "{96919D13-4E1E-474A-B79E-B255627795ED}"
EndProject
Project("{FAE04EC0-301F-11D3-BF4B-00C04F79EFBC}") = "Shared.Extensions", "Shared.Extensions\Shared.Extensions.csproj", "{CD11D46E-4675-4090-B50B-A85FFA3D1D2C}"
EndProject
Project("{FAE04EC0-301F-11D3-BF4B-00C04F79EFBC}") = "Shared.Primitives", "Shared.Primitives\Shared.Primitives.csproj", "{30973320-9F61-45FB-8C75-3256ADB1BFB1}"
EndProject
Project("{FAE04EC0-301F-11D3-BF4B-00C04F79EFBC}") = "Shared.Collections", "Shared.Collections\Shared.Collections.csproj", "{4DEBD450-FEAE-49E3-9961-06169D59DC03}"
EndProject
Project("{FAE04EC0-301F-11D3-BF4B-00C04F79EFBC}") = "Pathfinding.GraphLib.Core.Realizations", "Pathfinding.GraphLib.Core.Realizations\Pathfinding.GraphLib.Core.Realizations.csproj", "{0C7DB792-B30B-4138-8D37-67450E2F0982}"
EndProject
Project("{2150E333-8FDC-42A3-9474-1A3956D46DE8}") = "VisualizationLayer", "VisualizationLayer", "{A0EF35D0-71FD-4B7F-9199-CE522E81E594}"
EndProject
Project("{FAE04EC0-301F-11D3-BF4B-00C04F79EFBC}") = "Shared.Primitives.Extensions", "Shared.Primitives.Extensions\Shared.Primitives.Extensions.csproj", "{597B3252-3165-4574-826C-95399452D0B8}"
EndProject
Project("{FAE04EC0-301F-11D3-BF4B-00C04F79EFBC}") = "Pathfinding.GraphLib.Core.Interface.Extensions", "Pathfinding.GraphLib.Core.Interface.Extensions\Pathfinding.GraphLib.Core.Interface.Extensions.csproj", "{3C13810C-ED74-490B-9303-9CCBFE485F5E}"
EndProject
Project("{FAE04EC0-301F-11D3-BF4B-00C04F79EFBC}") = "Shared.Executable", "Shared.Executable\Shared.Executable.csproj", "{0A7C5FE5-4688-42C4-8202-676042BB0F81}"
EndProject
Project("{FAE04EC0-301F-11D3-BF4B-00C04F79EFBC}") = "Shared.Executable.Extensions", "Shared.Executable.Extensions\Shared.Executable.Extensions.csproj", "{715B890D-CAEC-46E6-BF18-A556E1AE81A9}"
EndProject
Project("{FAE04EC0-301F-11D3-BF4B-00C04F79EFBC}") = "Pathfinding.AlgorithmLib.Core.Interface", "Pathfinding.AlgorithmLib.Core.Interface\Pathfinding.AlgorithmLib.Core.Interface.csproj", "{9AB4F0E3-6693-4ACD-95BC-24D04134781F}"
EndProject
Project("{FAE04EC0-301F-11D3-BF4B-00C04F79EFBC}") = "Pathfinding.AlgorithmLib.Core.Abstractions", "Pathfinding.AlgorithmLib.Core.Abstractions\Pathfinding.AlgorithmLib.Core.Abstractions.csproj", "{BBABA3C7-E177-44D6-B97E-4D8F3D01AFF6}"
EndProject
Project("{FAE04EC0-301F-11D3-BF4B-00C04F79EFBC}") = "Pathfinding.AlgorithmLib.Core.Interface.Extensions", "Pathfinding.AlgorithmLib.Core.Interface.Extensions\Pathfinding.AlgorithmLib.Core.Interface.Extensions.csproj", "{1D30187D-DADB-4725-A9C5-C43EE983A080}"
EndProject
Project("{FAE04EC0-301F-11D3-BF4B-00C04F79EFBC}") = "Shared.Process", "Shared.Process\Shared.Process.csproj", "{78DDAA5D-8ABD-4695-A66B-1EAF2BDE77EB}"
EndProject
Project("{FAE04EC0-301F-11D3-BF4B-00C04F79EFBC}") = "Pathfinding.AlgorithmLib.Core.Events", "Pathfinding.AlgorithmLib.Core.Events\Pathfinding.AlgorithmLib.Core.Events.csproj", "{943D8D5A-62E0-46A2-9914-DB9973DAF9C6}"
EndProject
Project("{FAE04EC0-301F-11D3-BF4B-00C04F79EFBC}") = "Pathfinding.AlgorithmLib.Core.Realizations.Algorithms", "Pathfinding.AlgorithmLib.Core.Realizations.Algorithms\Pathfinding.AlgorithmLib.Core.Realizations.Algorithms.csproj", "{3EB7129C-BE34-4ECF-B8C5-65B772184186}"
EndProject
Project("{FAE04EC0-301F-11D3-BF4B-00C04F79EFBC}") = "Pathfinding.AlgorithmLib.Core.Realizations.Heuristics", "Pathfinding.AlgorithmLib.Core.Realizations.Heuristics\Pathfinding.AlgorithmLib.Core.Realizations.Heuristics.csproj", "{AC9456F4-D4A9-4025-9E8F-6BA056FBA37D}"
EndProject
Project("{FAE04EC0-301F-11D3-BF4B-00C04F79EFBC}") = "Pathfinding.AlgorithmLib.Core.Realizations.StepRules", "Pathfinding.AlgorithmLib.Core.Realizations.StepRules\Pathfinding.AlgorithmLib.Core.Realizations.StepRules.csproj", "{F936E225-02CF-4CC7-81A1-18866724C693}"
EndProject
Project("{FAE04EC0-301F-11D3-BF4B-00C04F79EFBC}") = "Pathfinding.AlgorithmLib.Core.Realizations.GraphPaths", "Pathfinding.AlgorithmLib.Core.Realizations.GraphPaths\Pathfinding.AlgorithmLib.Core.Realizations.GraphPaths.csproj", "{44D8FBA7-066B-46CC-A711-2315A5A22C70}"
EndProject
Project("{FAE04EC0-301F-11D3-BF4B-00C04F79EFBC}") = "Pathfinding.VisualizationLib.Core.Interface", "Pathfinding.VisualizationLib.Core.Interface\Pathfinding.VisualizationLib.Core.Interface.csproj", "{ECC527ED-96BA-44DF-9561-6CD8DE13B550}"
EndProject
Project("{FAE04EC0-301F-11D3-BF4B-00C04F79EFBC}") = "Pathfinding.AlgorithmLib.Visualization", "Pathfinding.AlgorithmLib.Visualization\Pathfinding.AlgorithmLib.Visualization.csproj", "{6C5443F8-9BF4-4355-8F42-E65EE9562E3A}"
EndProject
Project("{FAE04EC0-301F-11D3-BF4B-00C04F79EFBC}") = "Pathfinding.GraphLib.Visualization", "Pathfinding.GraphLib.Visualization\Pathfinding.GraphLib.Visualization.csproj", "{5616B5FF-BA13-4805-860C-1F69F2946B89}"
EndProject
Project("{2150E333-8FDC-42A3-9474-1A3956D46DE8}") = "GraphLayer", "GraphLayer", "{8C2F4077-5F32-44E4-BB76-8F77F2D63CBB}"
EndProject
Project("{2150E333-8FDC-42A3-9474-1A3956D46DE8}") = "AlgorithmLayer", "AlgorithmLayer", "{D159F18B-38B4-4942-9D0C-BB71C4BD9EFD}"
EndProject
Project("{FAE04EC0-301F-11D3-BF4B-00C04F79EFBC}") = "Shared.Random", "Shared.Random\Shared.Random.csproj", "{8B3BA6E5-2FAD-492E-A51D-8B213A74C5B8}"
EndProject
Project("{FAE04EC0-301F-11D3-BF4B-00C04F79EFBC}") = "Shared.Random.Extensions", "Shared.Random.Extensions\Shared.Random.Extensions.csproj", "{79AD3712-16C7-4F9D-82BB-D9A03F36EBF4}"
EndProject
Project("{2150E333-8FDC-42A3-9474-1A3956D46DE8}") = "ApplicationLayer", "ApplicationLayer", "{5E241632-7DA6-44E3-807F-83980E2CEAC6}"
EndProject
Project("{FAE04EC0-301F-11D3-BF4B-00C04F79EFBC}") = "Pathfinding.AlgorithmLib.Extensions", "Pathfinding.AlgorithmLib.Extensions\Pathfinding.AlgorithmLib.Extensions.csproj", "{80CF05F8-A3EF-4957-B56F-614389170221}"
EndProject
Project("{FAE04EC0-301F-11D3-BF4B-00C04F79EFBC}") = "Pathfinding.GraphLib.Core.NullObjects", "Pathfinding.GraphLib.Core.NullObjects\Pathfinding.GraphLib.Core.NullObjects.csproj", "{67CCD24F-A5C1-41F9-9FE8-FC8C4C818646}"
EndProject
Project("{FAE04EC0-301F-11D3-BF4B-00C04F79EFBC}") = "Pathfinding.AlgorithmLib.Core.NullObjects", "Pathfinding.AlgorithmLib.Core.NullObjects\Pathfinding.AlgorithmLib.Core.NullObjects.csproj", "{16755D15-4338-4243-8EAA-95673423599F}"
EndProject
Project("{FAE04EC0-301F-11D3-BF4B-00C04F79EFBC}") = "Pathfinding.AlgorithmLib.Core.Exceptions", "Pathfinding.AlgorithmLib.Core.Exceptions\Pathfinding.AlgorithmLib.Core.Exceptions.csproj", "{70CB989C-EF34-473B-ACEF-23FDB0A47E9B}"
EndProject
Project("{FAE04EC0-301F-11D3-BF4B-00C04F79EFBC}") = "Pathfinding.GraphLib.Subscriptions", "Pathfinding.GraphLib.Subscriptions\Pathfinding.GraphLib.Subscriptions.csproj", "{E6D42398-F350-497D-BA03-EB0C08E424A8}"
EndProject
Project("{FAE04EC0-301F-11D3-BF4B-00C04F79EFBC}") = "Pathfinding.GraphLib.Visualization.Subscriptions", "Pathfinding.GraphLib.Visualization.Subscriptions\Pathfinding.GraphLib.Visualization.Subscriptions.csproj", "{47B13F23-C3E6-4BBC-87FF-92D2D161CC39}"
EndProject
Project("{FAE04EC0-301F-11D3-BF4B-00C04F79EFBC}") = "Pathfinding.GraphLib.Serialization.Core.Interface", "Pathfinding.GraphLib.Serialization.Core.Interface\Pathfinding.GraphLib.Serialization.Core.Interface.csproj", "{84770BE3-D26C-4800-9DF1-EA33704E9FBD}"
EndProject
Project("{FAE04EC0-301F-11D3-BF4B-00C04F79EFBC}") = "Pathfinding.GraphLib.Serialization.Core.Realizations", "Pathfinding.GraphLib.Serialization.Core.Realizations\Pathfinding.GraphLib.Serialization.Core.Realizations.csproj", "{5B3827E8-4CC0-490D-B15C-4190A2982059}"
EndProject
Project("{FAE04EC0-301F-11D3-BF4B-00C04F79EFBC}") = "Pathfinding.GraphLib.Factory.Realizations", "Pathfinding.GraphLib.Factory.Realizations\Pathfinding.GraphLib.Factory.Realizations.csproj", "{96DE3110-BA88-449C-A514-282BEFF4003E}"
EndProject
Project("{FAE04EC0-301F-11D3-BF4B-00C04F79EFBC}") = "Pathfinding.AlgorithmLib.Factory", "Pathfinding.AlgorithmLib.Factory\Pathfinding.AlgorithmLib.Factory.csproj", "{E8ECD5E0-009E-4FFA-8FB8-4CB9209A4F25}"
EndProject
Project("{FAE04EC0-301F-11D3-BF4B-00C04F79EFBC}") = "Pathfinding.Visualization.Extensions", "Pathfinding.Visualization.Extensions\Pathfinding.Visualization.Extensions.csproj", "{EAB4FF1E-BB9C-4C01-B8D6-171B1758B81D}"
EndProject
Project("{FAE04EC0-301F-11D3-BF4B-00C04F79EFBC}") = "Pathfinding.Visualization.Models", "Pathfinding.Visualization.Models\Pathfinding.Visualization.Models.csproj", "{A09E51A5-7FEA-4220-9F90-15D92F8BEC0E}"
EndProject
Project("{FAE04EC0-301F-11D3-BF4B-00C04F79EFBC}") = "Pathfinding.GraphLib.Factory.Extensions", "Pathfinding.GraphLib.Factory.Extensions\Pathfinding.GraphLib.Factory.Extensions.csproj", "{992503E9-626F-4ED5-B9CF-239C56C8F440}"
EndProject
Project("{FAE04EC0-301F-11D3-BF4B-00C04F79EFBC}") = "Pathfinding.App.Console", "Pathfinding.App.Console\Pathfinding.App.Console.csproj", "{1EC9051F-ADBA-4EA2-BB67-A604153B9FE8}"
EndProject
Project("{FAE04EC0-301F-11D3-BF4B-00C04F79EFBC}") = "Pathfinding.GraphLib.Smoothing", "Pathfinding.GraphLib.Smoothing\Pathfinding.GraphLib.Smoothing.csproj", "{50902851-3081-49AF-ACEC-013E78460547}"
EndProject
Project("{FAE04EC0-301F-11D3-BF4B-00C04F79EFBC}") = "Pathfinding.Logging", "Pathfinding.Logging\Pathfinding.Logging.csproj", "{37085E09-A2DA-4930-B219-1A3E385C5385}"
EndProject
Project("{FAE04EC0-301F-11D3-BF4B-00C04F79EFBC}") = "Pathfinding.App.Console.ViewModel", "Pathfinding.App.Console.ViewModel\Pathfinding.App.Console.ViewModel.csproj", "{73D40DEB-B638-44A7-880E-CF1E4D6D0485}"
EndProject
Project("{FAE04EC0-301F-11D3-BF4B-00C04F79EFBC}") = "Pathfinding.App.Console.Menu.Interface", "Pathfinding.App.Console.Menu.Interface\Pathfinding.App.Console.Menu.Interface.csproj", "{C6DEC0FA-F917-4241-B8C3-67E975F2F52D}"
EndProject
Project("{FAE04EC0-301F-11D3-BF4B-00C04F79EFBC}") = "Pathfinding.App.Console.Menu.Realizations", "Pathfinding.App.Console.Menu.Realizations\Pathfinding.App.Console.Menu.Realizations.csproj", "{79830F4C-4732-4DFD-AE52-378E9B2C2FC3}"
EndProject
Project("{2150E333-8FDC-42A3-9474-1A3956D46DE8}") = "Console", "Console", "{22F8AD09-8643-494E-AD33-65447F10E558}"
EndProject
Project("{2150E333-8FDC-42A3-9474-1A3956D46DE8}") = "WPF", "WPF", "{D207A3D5-1EEA-4B5D-B96E-63084CC3D864}"
EndProject
Project("{FAE04EC0-301F-11D3-BF4B-00C04F79EFBC}") = "Pathfinding.App.WPF.2D", "Pathfinding.App.WPF.2D\Pathfinding.App.WPF.2D.csproj", "{4743DDA2-FB80-4BD9-B54B-55C315EF625C}"
EndProject
Project("{2150E333-8FDC-42A3-9474-1A3956D46DE8}") = "WindowsForms", "WindowsForms", "{8A11668A-60EB-4A22-8BAD-D0294B9B490B}"
EndProject
Global
	GlobalSection(SolutionConfigurationPlatforms) = preSolution
		Debug|Any CPU = Debug|Any CPU
		Release|Any CPU = Release|Any CPU
	EndGlobalSection
	GlobalSection(ProjectConfigurationPlatforms) = postSolution
		{A5A743F5-D346-4B2B-B6AC-07152F64E4D9}.Debug|Any CPU.ActiveCfg = Debug|Any CPU
		{A5A743F5-D346-4B2B-B6AC-07152F64E4D9}.Debug|Any CPU.Build.0 = Debug|Any CPU
		{A5A743F5-D346-4B2B-B6AC-07152F64E4D9}.Release|Any CPU.ActiveCfg = Release|Any CPU
		{A5A743F5-D346-4B2B-B6AC-07152F64E4D9}.Release|Any CPU.Build.0 = Release|Any CPU
		{16D6E068-2A1C-4903-930F-762681A2802E}.Debug|Any CPU.ActiveCfg = Debug|Any CPU
		{16D6E068-2A1C-4903-930F-762681A2802E}.Debug|Any CPU.Build.0 = Debug|Any CPU
		{16D6E068-2A1C-4903-930F-762681A2802E}.Release|Any CPU.ActiveCfg = Release|Any CPU
		{16D6E068-2A1C-4903-930F-762681A2802E}.Release|Any CPU.Build.0 = Release|Any CPU
		{04393071-3BA6-42C5-89D8-A89E3AC34511}.Debug|Any CPU.ActiveCfg = Debug|Any CPU
		{04393071-3BA6-42C5-89D8-A89E3AC34511}.Debug|Any CPU.Build.0 = Debug|Any CPU
		{04393071-3BA6-42C5-89D8-A89E3AC34511}.Release|Any CPU.ActiveCfg = Release|Any CPU
		{04393071-3BA6-42C5-89D8-A89E3AC34511}.Release|Any CPU.Build.0 = Release|Any CPU
		{11C8B301-FE40-44A1-A5A2-BC684B6A56A0}.Debug|Any CPU.ActiveCfg = Debug|Any CPU
		{11C8B301-FE40-44A1-A5A2-BC684B6A56A0}.Debug|Any CPU.Build.0 = Debug|Any CPU
		{11C8B301-FE40-44A1-A5A2-BC684B6A56A0}.Release|Any CPU.ActiveCfg = Release|Any CPU
		{11C8B301-FE40-44A1-A5A2-BC684B6A56A0}.Release|Any CPU.Build.0 = Release|Any CPU
		{DA2A9A8C-0EF3-4EDB-B026-3FF86DEF9464}.Debug|Any CPU.ActiveCfg = Debug|Any CPU
		{DA2A9A8C-0EF3-4EDB-B026-3FF86DEF9464}.Debug|Any CPU.Build.0 = Debug|Any CPU
		{DA2A9A8C-0EF3-4EDB-B026-3FF86DEF9464}.Release|Any CPU.ActiveCfg = Release|Any CPU
		{DA2A9A8C-0EF3-4EDB-B026-3FF86DEF9464}.Release|Any CPU.Build.0 = Release|Any CPU
		{FC4F499E-9AB1-4623-9AD8-CFDE0A07B7D0}.Debug|Any CPU.ActiveCfg = Debug|Any CPU
		{FC4F499E-9AB1-4623-9AD8-CFDE0A07B7D0}.Debug|Any CPU.Build.0 = Debug|Any CPU
		{FC4F499E-9AB1-4623-9AD8-CFDE0A07B7D0}.Release|Any CPU.ActiveCfg = Release|Any CPU
		{FC4F499E-9AB1-4623-9AD8-CFDE0A07B7D0}.Release|Any CPU.Build.0 = Release|Any CPU
		{600D74AF-A0AE-46AA-BCF5-695650BBE66F}.Debug|Any CPU.ActiveCfg = Debug|Any CPU
		{600D74AF-A0AE-46AA-BCF5-695650BBE66F}.Debug|Any CPU.Build.0 = Debug|Any CPU
		{600D74AF-A0AE-46AA-BCF5-695650BBE66F}.Release|Any CPU.ActiveCfg = Release|Any CPU
		{600D74AF-A0AE-46AA-BCF5-695650BBE66F}.Release|Any CPU.Build.0 = Release|Any CPU
		{6AA3B516-ABFE-4EDA-98DD-1CE799DA747F}.Debug|Any CPU.ActiveCfg = Debug|Any CPU
		{6AA3B516-ABFE-4EDA-98DD-1CE799DA747F}.Debug|Any CPU.Build.0 = Debug|Any CPU
		{6AA3B516-ABFE-4EDA-98DD-1CE799DA747F}.Release|Any CPU.ActiveCfg = Release|Any CPU
		{6AA3B516-ABFE-4EDA-98DD-1CE799DA747F}.Release|Any CPU.Build.0 = Release|Any CPU
		{D3C5CCFE-698B-41C7-9A72-5FD0262765E1}.Debug|Any CPU.ActiveCfg = Debug|Any CPU
		{D3C5CCFE-698B-41C7-9A72-5FD0262765E1}.Debug|Any CPU.Build.0 = Debug|Any CPU
		{D3C5CCFE-698B-41C7-9A72-5FD0262765E1}.Release|Any CPU.ActiveCfg = Release|Any CPU
		{D3C5CCFE-698B-41C7-9A72-5FD0262765E1}.Release|Any CPU.Build.0 = Release|Any CPU
		{93F88F47-1871-44CD-9622-EB8D406C969C}.Debug|Any CPU.ActiveCfg = Debug|Any CPU
		{93F88F47-1871-44CD-9622-EB8D406C969C}.Debug|Any CPU.Build.0 = Debug|Any CPU
		{93F88F47-1871-44CD-9622-EB8D406C969C}.Release|Any CPU.ActiveCfg = Release|Any CPU
		{93F88F47-1871-44CD-9622-EB8D406C969C}.Release|Any CPU.Build.0 = Release|Any CPU
		{B80C5250-3D81-4742-B8A5-84AE39122BA9}.Debug|Any CPU.ActiveCfg = Debug|Any CPU
		{B80C5250-3D81-4742-B8A5-84AE39122BA9}.Debug|Any CPU.Build.0 = Debug|Any CPU
		{B80C5250-3D81-4742-B8A5-84AE39122BA9}.Release|Any CPU.ActiveCfg = Release|Any CPU
		{B80C5250-3D81-4742-B8A5-84AE39122BA9}.Release|Any CPU.Build.0 = Release|Any CPU
		{412839A0-77FF-4B66-85C9-50DC07E8FDB7}.Debug|Any CPU.ActiveCfg = Debug|Any CPU
		{412839A0-77FF-4B66-85C9-50DC07E8FDB7}.Debug|Any CPU.Build.0 = Debug|Any CPU
		{412839A0-77FF-4B66-85C9-50DC07E8FDB7}.Release|Any CPU.ActiveCfg = Release|Any CPU
		{412839A0-77FF-4B66-85C9-50DC07E8FDB7}.Release|Any CPU.Build.0 = Release|Any CPU
		{5E9A04B8-B760-4D2F-A50D-ABF1062EEB66}.Debug|Any CPU.ActiveCfg = Debug|Any CPU
		{5E9A04B8-B760-4D2F-A50D-ABF1062EEB66}.Debug|Any CPU.Build.0 = Debug|Any CPU
		{5E9A04B8-B760-4D2F-A50D-ABF1062EEB66}.Release|Any CPU.ActiveCfg = Release|Any CPU
		{5E9A04B8-B760-4D2F-A50D-ABF1062EEB66}.Release|Any CPU.Build.0 = Release|Any CPU
		{C50DAB38-75A5-47F5-A6A0-1165BBE5E283}.Debug|Any CPU.ActiveCfg = Debug|Any CPU
		{C50DAB38-75A5-47F5-A6A0-1165BBE5E283}.Debug|Any CPU.Build.0 = Debug|Any CPU
		{C50DAB38-75A5-47F5-A6A0-1165BBE5E283}.Release|Any CPU.ActiveCfg = Release|Any CPU
		{C50DAB38-75A5-47F5-A6A0-1165BBE5E283}.Release|Any CPU.Build.0 = Release|Any CPU
		{66D48A72-29CE-49B3-B397-76A8B9F5C812}.Debug|Any CPU.ActiveCfg = Debug|Any CPU
		{66D48A72-29CE-49B3-B397-76A8B9F5C812}.Debug|Any CPU.Build.0 = Debug|Any CPU
		{66D48A72-29CE-49B3-B397-76A8B9F5C812}.Release|Any CPU.ActiveCfg = Release|Any CPU
		{66D48A72-29CE-49B3-B397-76A8B9F5C812}.Release|Any CPU.Build.0 = Release|Any CPU
		{98499AB1-754E-4FB5-8328-9E8FF5741970}.Debug|Any CPU.ActiveCfg = Debug|Any CPU
		{98499AB1-754E-4FB5-8328-9E8FF5741970}.Debug|Any CPU.Build.0 = Debug|Any CPU
		{98499AB1-754E-4FB5-8328-9E8FF5741970}.Release|Any CPU.ActiveCfg = Release|Any CPU
		{98499AB1-754E-4FB5-8328-9E8FF5741970}.Release|Any CPU.Build.0 = Release|Any CPU
		{8160C8FF-3052-4ED9-A4B7-4FF5408D8EE0}.Debug|Any CPU.ActiveCfg = Debug|Any CPU
		{8160C8FF-3052-4ED9-A4B7-4FF5408D8EE0}.Debug|Any CPU.Build.0 = Debug|Any CPU
		{8160C8FF-3052-4ED9-A4B7-4FF5408D8EE0}.Release|Any CPU.ActiveCfg = Release|Any CPU
		{8160C8FF-3052-4ED9-A4B7-4FF5408D8EE0}.Release|Any CPU.Build.0 = Release|Any CPU
		{6017E08E-C81E-4507-A2AA-838F15299606}.Debug|Any CPU.ActiveCfg = Debug|Any CPU
		{6017E08E-C81E-4507-A2AA-838F15299606}.Debug|Any CPU.Build.0 = Debug|Any CPU
		{6017E08E-C81E-4507-A2AA-838F15299606}.Release|Any CPU.ActiveCfg = Release|Any CPU
		{6017E08E-C81E-4507-A2AA-838F15299606}.Release|Any CPU.Build.0 = Release|Any CPU
		{51D677FD-7A82-4282-8A2E-51DEBE39E695}.Debug|Any CPU.ActiveCfg = Debug|Any CPU
		{51D677FD-7A82-4282-8A2E-51DEBE39E695}.Debug|Any CPU.Build.0 = Debug|Any CPU
		{51D677FD-7A82-4282-8A2E-51DEBE39E695}.Release|Any CPU.ActiveCfg = Release|Any CPU
		{51D677FD-7A82-4282-8A2E-51DEBE39E695}.Release|Any CPU.Build.0 = Release|Any CPU
		{666D186C-5D2A-4AA3-8671-BEEF51C6DF77}.Debug|Any CPU.ActiveCfg = Debug|Any CPU
		{666D186C-5D2A-4AA3-8671-BEEF51C6DF77}.Debug|Any CPU.Build.0 = Debug|Any CPU
		{666D186C-5D2A-4AA3-8671-BEEF51C6DF77}.Release|Any CPU.ActiveCfg = Release|Any CPU
		{666D186C-5D2A-4AA3-8671-BEEF51C6DF77}.Release|Any CPU.Build.0 = Release|Any CPU
		{41A6D909-5011-45F5-84CC-8E4FAB8B3D10}.Debug|Any CPU.ActiveCfg = Debug|Any CPU
		{41A6D909-5011-45F5-84CC-8E4FAB8B3D10}.Debug|Any CPU.Build.0 = Debug|Any CPU
		{41A6D909-5011-45F5-84CC-8E4FAB8B3D10}.Release|Any CPU.ActiveCfg = Release|Any CPU
		{41A6D909-5011-45F5-84CC-8E4FAB8B3D10}.Release|Any CPU.Build.0 = Release|Any CPU
		{8DF766E8-189D-4845-917D-DD60EABF556A}.Debug|Any CPU.ActiveCfg = Debug|Any CPU
		{8DF766E8-189D-4845-917D-DD60EABF556A}.Debug|Any CPU.Build.0 = Debug|Any CPU
		{8DF766E8-189D-4845-917D-DD60EABF556A}.Release|Any CPU.ActiveCfg = Release|Any CPU
		{8DF766E8-189D-4845-917D-DD60EABF556A}.Release|Any CPU.Build.0 = Release|Any CPU
		{FA595CBF-C9AA-4D4F-AFF7-19E571C91D00}.Debug|Any CPU.ActiveCfg = Debug|Any CPU
		{FA595CBF-C9AA-4D4F-AFF7-19E571C91D00}.Debug|Any CPU.Build.0 = Debug|Any CPU
		{FA595CBF-C9AA-4D4F-AFF7-19E571C91D00}.Release|Any CPU.ActiveCfg = Release|Any CPU
		{FA595CBF-C9AA-4D4F-AFF7-19E571C91D00}.Release|Any CPU.Build.0 = Release|Any CPU
		{97260353-B5E4-414B-A789-C4B5568089DC}.Debug|Any CPU.ActiveCfg = Debug|Any CPU
		{97260353-B5E4-414B-A789-C4B5568089DC}.Debug|Any CPU.Build.0 = Debug|Any CPU
		{97260353-B5E4-414B-A789-C4B5568089DC}.Release|Any CPU.ActiveCfg = Release|Any CPU
		{97260353-B5E4-414B-A789-C4B5568089DC}.Release|Any CPU.Build.0 = Release|Any CPU
		{4DE08169-8512-4E1C-91ED-FD42FFC0AF71}.Debug|Any CPU.ActiveCfg = Debug|Any CPU
		{4DE08169-8512-4E1C-91ED-FD42FFC0AF71}.Debug|Any CPU.Build.0 = Debug|Any CPU
		{4DE08169-8512-4E1C-91ED-FD42FFC0AF71}.Release|Any CPU.ActiveCfg = Release|Any CPU
		{4DE08169-8512-4E1C-91ED-FD42FFC0AF71}.Release|Any CPU.Build.0 = Release|Any CPU
		{B30F66B0-D089-4259-A6A4-D8E560E99A6F}.Debug|Any CPU.ActiveCfg = Debug|Any CPU
		{B30F66B0-D089-4259-A6A4-D8E560E99A6F}.Debug|Any CPU.Build.0 = Debug|Any CPU
		{B30F66B0-D089-4259-A6A4-D8E560E99A6F}.Release|Any CPU.ActiveCfg = Release|Any CPU
		{B30F66B0-D089-4259-A6A4-D8E560E99A6F}.Release|Any CPU.Build.0 = Release|Any CPU
		{FE692FCB-46C0-47A1-80ED-EFDCC811CF69}.Debug|Any CPU.ActiveCfg = Debug|Any CPU
		{FE692FCB-46C0-47A1-80ED-EFDCC811CF69}.Debug|Any CPU.Build.0 = Debug|Any CPU
		{FE692FCB-46C0-47A1-80ED-EFDCC811CF69}.Release|Any CPU.ActiveCfg = Release|Any CPU
		{FE692FCB-46C0-47A1-80ED-EFDCC811CF69}.Release|Any CPU.Build.0 = Release|Any CPU
		{D294DACD-668E-4397-B8E8-F1717D5653B5}.Debug|Any CPU.ActiveCfg = Debug|Any CPU
		{D294DACD-668E-4397-B8E8-F1717D5653B5}.Debug|Any CPU.Build.0 = Debug|Any CPU
		{D294DACD-668E-4397-B8E8-F1717D5653B5}.Release|Any CPU.ActiveCfg = Release|Any CPU
		{D294DACD-668E-4397-B8E8-F1717D5653B5}.Release|Any CPU.Build.0 = Release|Any CPU
		{8270F3AF-2B53-45E4-9795-89091CEE60D4}.Debug|Any CPU.ActiveCfg = Debug|Any CPU
		{8270F3AF-2B53-45E4-9795-89091CEE60D4}.Debug|Any CPU.Build.0 = Debug|Any CPU
		{8270F3AF-2B53-45E4-9795-89091CEE60D4}.Release|Any CPU.ActiveCfg = Release|Any CPU
		{8270F3AF-2B53-45E4-9795-89091CEE60D4}.Release|Any CPU.Build.0 = Release|Any CPU
		{ABB541F1-72EC-4607-8515-7A43BCD67B13}.Debug|Any CPU.ActiveCfg = Debug|Any CPU
		{ABB541F1-72EC-4607-8515-7A43BCD67B13}.Debug|Any CPU.Build.0 = Debug|Any CPU
		{ABB541F1-72EC-4607-8515-7A43BCD67B13}.Release|Any CPU.ActiveCfg = Release|Any CPU
		{ABB541F1-72EC-4607-8515-7A43BCD67B13}.Release|Any CPU.Build.0 = Release|Any CPU
		{EB70607D-CDF4-4D91-BBFE-55F85ACC0A1B}.Debug|Any CPU.ActiveCfg = Debug|Any CPU
		{EB70607D-CDF4-4D91-BBFE-55F85ACC0A1B}.Debug|Any CPU.Build.0 = Debug|Any CPU
		{EB70607D-CDF4-4D91-BBFE-55F85ACC0A1B}.Release|Any CPU.ActiveCfg = Release|Any CPU
		{EB70607D-CDF4-4D91-BBFE-55F85ACC0A1B}.Release|Any CPU.Build.0 = Release|Any CPU
		{03EB6575-5B74-418F-9231-1B67598C68E8}.Debug|Any CPU.ActiveCfg = Debug|Any CPU
		{03EB6575-5B74-418F-9231-1B67598C68E8}.Debug|Any CPU.Build.0 = Debug|Any CPU
		{03EB6575-5B74-418F-9231-1B67598C68E8}.Release|Any CPU.ActiveCfg = Release|Any CPU
		{03EB6575-5B74-418F-9231-1B67598C68E8}.Release|Any CPU.Build.0 = Release|Any CPU
		{0B4A7688-8AB6-4CF5-BBFF-5599E076E2C9}.Debug|Any CPU.ActiveCfg = Debug|Any CPU
		{0B4A7688-8AB6-4CF5-BBFF-5599E076E2C9}.Debug|Any CPU.Build.0 = Debug|Any CPU
		{0B4A7688-8AB6-4CF5-BBFF-5599E076E2C9}.Release|Any CPU.ActiveCfg = Release|Any CPU
		{0B4A7688-8AB6-4CF5-BBFF-5599E076E2C9}.Release|Any CPU.Build.0 = Release|Any CPU
		{2EC389E2-362C-4522-8481-7B40E07DFC3E}.Debug|Any CPU.ActiveCfg = Debug|Any CPU
		{2EC389E2-362C-4522-8481-7B40E07DFC3E}.Debug|Any CPU.Build.0 = Debug|Any CPU
		{2EC389E2-362C-4522-8481-7B40E07DFC3E}.Release|Any CPU.ActiveCfg = Release|Any CPU
		{2EC389E2-362C-4522-8481-7B40E07DFC3E}.Release|Any CPU.Build.0 = Release|Any CPU
		{1F8DE924-837C-4CD6-B902-110E1C565F89}.Debug|Any CPU.ActiveCfg = Debug|Any CPU
		{1F8DE924-837C-4CD6-B902-110E1C565F89}.Debug|Any CPU.Build.0 = Debug|Any CPU
		{1F8DE924-837C-4CD6-B902-110E1C565F89}.Release|Any CPU.ActiveCfg = Release|Any CPU
		{1F8DE924-837C-4CD6-B902-110E1C565F89}.Release|Any CPU.Build.0 = Release|Any CPU
		{62AE266B-0004-49A2-8769-C4014D4E7042}.Debug|Any CPU.ActiveCfg = Debug|Any CPU
		{62AE266B-0004-49A2-8769-C4014D4E7042}.Debug|Any CPU.Build.0 = Debug|Any CPU
		{62AE266B-0004-49A2-8769-C4014D4E7042}.Release|Any CPU.ActiveCfg = Release|Any CPU
		{62AE266B-0004-49A2-8769-C4014D4E7042}.Release|Any CPU.Build.0 = Release|Any CPU
		{0A8309F2-7520-4E83-ACF8-B71EE7860E09}.Debug|Any CPU.ActiveCfg = Debug|Any CPU
		{0A8309F2-7520-4E83-ACF8-B71EE7860E09}.Debug|Any CPU.Build.0 = Debug|Any CPU
		{0A8309F2-7520-4E83-ACF8-B71EE7860E09}.Release|Any CPU.ActiveCfg = Release|Any CPU
		{0A8309F2-7520-4E83-ACF8-B71EE7860E09}.Release|Any CPU.Build.0 = Release|Any CPU
		{51C3BAF5-6AE2-47C4-932B-25687013C2CE}.Debug|Any CPU.ActiveCfg = Debug|Any CPU
		{51C3BAF5-6AE2-47C4-932B-25687013C2CE}.Debug|Any CPU.Build.0 = Debug|Any CPU
		{51C3BAF5-6AE2-47C4-932B-25687013C2CE}.Release|Any CPU.ActiveCfg = Release|Any CPU
		{51C3BAF5-6AE2-47C4-932B-25687013C2CE}.Release|Any CPU.Build.0 = Release|Any CPU
		{A68B0EB4-3F07-4711-B314-FC1C709A5E2F}.Debug|Any CPU.ActiveCfg = Debug|Any CPU
		{A68B0EB4-3F07-4711-B314-FC1C709A5E2F}.Debug|Any CPU.Build.0 = Debug|Any CPU
		{A68B0EB4-3F07-4711-B314-FC1C709A5E2F}.Release|Any CPU.ActiveCfg = Release|Any CPU
		{A68B0EB4-3F07-4711-B314-FC1C709A5E2F}.Release|Any CPU.Build.0 = Release|Any CPU
		{9FD961DA-777E-4C9C-9BF2-9EA4FD989C21}.Debug|Any CPU.ActiveCfg = Debug|Any CPU
		{9FD961DA-777E-4C9C-9BF2-9EA4FD989C21}.Debug|Any CPU.Build.0 = Debug|Any CPU
		{9FD961DA-777E-4C9C-9BF2-9EA4FD989C21}.Release|Any CPU.ActiveCfg = Release|Any CPU
		{9FD961DA-777E-4C9C-9BF2-9EA4FD989C21}.Release|Any CPU.Build.0 = Release|Any CPU
		{09207CB3-EED3-4DBF-A594-6381154E677C}.Debug|Any CPU.ActiveCfg = Debug|Any CPU
		{09207CB3-EED3-4DBF-A594-6381154E677C}.Debug|Any CPU.Build.0 = Debug|Any CPU
		{09207CB3-EED3-4DBF-A594-6381154E677C}.Release|Any CPU.ActiveCfg = Release|Any CPU
		{09207CB3-EED3-4DBF-A594-6381154E677C}.Release|Any CPU.Build.0 = Release|Any CPU
		{5175B72D-BAC7-472C-A396-3936BF1237C0}.Debug|Any CPU.ActiveCfg = Debug|Any CPU
		{5175B72D-BAC7-472C-A396-3936BF1237C0}.Debug|Any CPU.Build.0 = Debug|Any CPU
		{5175B72D-BAC7-472C-A396-3936BF1237C0}.Release|Any CPU.ActiveCfg = Release|Any CPU
		{5175B72D-BAC7-472C-A396-3936BF1237C0}.Release|Any CPU.Build.0 = Release|Any CPU
		{8C66CBDB-9899-4D80-846A-F197925D3163}.Debug|Any CPU.ActiveCfg = Debug|Any CPU
		{8C66CBDB-9899-4D80-846A-F197925D3163}.Debug|Any CPU.Build.0 = Debug|Any CPU
		{8C66CBDB-9899-4D80-846A-F197925D3163}.Release|Any CPU.ActiveCfg = Release|Any CPU
		{8C66CBDB-9899-4D80-846A-F197925D3163}.Release|Any CPU.Build.0 = Release|Any CPU
		{7112EB01-28F4-438D-945D-87CB69D14B99}.Debug|Any CPU.ActiveCfg = Debug|Any CPU
		{7112EB01-28F4-438D-945D-87CB69D14B99}.Debug|Any CPU.Build.0 = Debug|Any CPU
		{7112EB01-28F4-438D-945D-87CB69D14B99}.Release|Any CPU.ActiveCfg = Release|Any CPU
		{7112EB01-28F4-438D-945D-87CB69D14B99}.Release|Any CPU.Build.0 = Release|Any CPU
		{CD11D46E-4675-4090-B50B-A85FFA3D1D2C}.Debug|Any CPU.ActiveCfg = Debug|Any CPU
		{CD11D46E-4675-4090-B50B-A85FFA3D1D2C}.Debug|Any CPU.Build.0 = Debug|Any CPU
		{CD11D46E-4675-4090-B50B-A85FFA3D1D2C}.Release|Any CPU.ActiveCfg = Release|Any CPU
		{CD11D46E-4675-4090-B50B-A85FFA3D1D2C}.Release|Any CPU.Build.0 = Release|Any CPU
		{30973320-9F61-45FB-8C75-3256ADB1BFB1}.Debug|Any CPU.ActiveCfg = Debug|Any CPU
		{30973320-9F61-45FB-8C75-3256ADB1BFB1}.Debug|Any CPU.Build.0 = Debug|Any CPU
		{30973320-9F61-45FB-8C75-3256ADB1BFB1}.Release|Any CPU.ActiveCfg = Release|Any CPU
		{30973320-9F61-45FB-8C75-3256ADB1BFB1}.Release|Any CPU.Build.0 = Release|Any CPU
		{4DEBD450-FEAE-49E3-9961-06169D59DC03}.Debug|Any CPU.ActiveCfg = Debug|Any CPU
		{4DEBD450-FEAE-49E3-9961-06169D59DC03}.Debug|Any CPU.Build.0 = Debug|Any CPU
		{4DEBD450-FEAE-49E3-9961-06169D59DC03}.Release|Any CPU.ActiveCfg = Release|Any CPU
		{4DEBD450-FEAE-49E3-9961-06169D59DC03}.Release|Any CPU.Build.0 = Release|Any CPU
		{0C7DB792-B30B-4138-8D37-67450E2F0982}.Debug|Any CPU.ActiveCfg = Debug|Any CPU
		{0C7DB792-B30B-4138-8D37-67450E2F0982}.Debug|Any CPU.Build.0 = Debug|Any CPU
		{0C7DB792-B30B-4138-8D37-67450E2F0982}.Release|Any CPU.ActiveCfg = Release|Any CPU
		{0C7DB792-B30B-4138-8D37-67450E2F0982}.Release|Any CPU.Build.0 = Release|Any CPU
		{597B3252-3165-4574-826C-95399452D0B8}.Debug|Any CPU.ActiveCfg = Debug|Any CPU
		{597B3252-3165-4574-826C-95399452D0B8}.Debug|Any CPU.Build.0 = Debug|Any CPU
		{597B3252-3165-4574-826C-95399452D0B8}.Release|Any CPU.ActiveCfg = Release|Any CPU
		{597B3252-3165-4574-826C-95399452D0B8}.Release|Any CPU.Build.0 = Release|Any CPU
		{3C13810C-ED74-490B-9303-9CCBFE485F5E}.Debug|Any CPU.ActiveCfg = Debug|Any CPU
		{3C13810C-ED74-490B-9303-9CCBFE485F5E}.Debug|Any CPU.Build.0 = Debug|Any CPU
		{3C13810C-ED74-490B-9303-9CCBFE485F5E}.Release|Any CPU.ActiveCfg = Release|Any CPU
		{3C13810C-ED74-490B-9303-9CCBFE485F5E}.Release|Any CPU.Build.0 = Release|Any CPU
		{0A7C5FE5-4688-42C4-8202-676042BB0F81}.Debug|Any CPU.ActiveCfg = Debug|Any CPU
		{0A7C5FE5-4688-42C4-8202-676042BB0F81}.Debug|Any CPU.Build.0 = Debug|Any CPU
		{0A7C5FE5-4688-42C4-8202-676042BB0F81}.Release|Any CPU.ActiveCfg = Release|Any CPU
		{0A7C5FE5-4688-42C4-8202-676042BB0F81}.Release|Any CPU.Build.0 = Release|Any CPU
		{715B890D-CAEC-46E6-BF18-A556E1AE81A9}.Debug|Any CPU.ActiveCfg = Debug|Any CPU
		{715B890D-CAEC-46E6-BF18-A556E1AE81A9}.Debug|Any CPU.Build.0 = Debug|Any CPU
		{715B890D-CAEC-46E6-BF18-A556E1AE81A9}.Release|Any CPU.ActiveCfg = Release|Any CPU
		{715B890D-CAEC-46E6-BF18-A556E1AE81A9}.Release|Any CPU.Build.0 = Release|Any CPU
		{9AB4F0E3-6693-4ACD-95BC-24D04134781F}.Debug|Any CPU.ActiveCfg = Debug|Any CPU
		{9AB4F0E3-6693-4ACD-95BC-24D04134781F}.Debug|Any CPU.Build.0 = Debug|Any CPU
		{9AB4F0E3-6693-4ACD-95BC-24D04134781F}.Release|Any CPU.ActiveCfg = Release|Any CPU
		{9AB4F0E3-6693-4ACD-95BC-24D04134781F}.Release|Any CPU.Build.0 = Release|Any CPU
		{BBABA3C7-E177-44D6-B97E-4D8F3D01AFF6}.Debug|Any CPU.ActiveCfg = Debug|Any CPU
		{BBABA3C7-E177-44D6-B97E-4D8F3D01AFF6}.Debug|Any CPU.Build.0 = Debug|Any CPU
		{BBABA3C7-E177-44D6-B97E-4D8F3D01AFF6}.Release|Any CPU.ActiveCfg = Release|Any CPU
		{BBABA3C7-E177-44D6-B97E-4D8F3D01AFF6}.Release|Any CPU.Build.0 = Release|Any CPU
		{1D30187D-DADB-4725-A9C5-C43EE983A080}.Debug|Any CPU.ActiveCfg = Debug|Any CPU
		{1D30187D-DADB-4725-A9C5-C43EE983A080}.Debug|Any CPU.Build.0 = Debug|Any CPU
		{1D30187D-DADB-4725-A9C5-C43EE983A080}.Release|Any CPU.ActiveCfg = Release|Any CPU
		{1D30187D-DADB-4725-A9C5-C43EE983A080}.Release|Any CPU.Build.0 = Release|Any CPU
		{78DDAA5D-8ABD-4695-A66B-1EAF2BDE77EB}.Debug|Any CPU.ActiveCfg = Debug|Any CPU
		{78DDAA5D-8ABD-4695-A66B-1EAF2BDE77EB}.Debug|Any CPU.Build.0 = Debug|Any CPU
		{78DDAA5D-8ABD-4695-A66B-1EAF2BDE77EB}.Release|Any CPU.ActiveCfg = Release|Any CPU
		{78DDAA5D-8ABD-4695-A66B-1EAF2BDE77EB}.Release|Any CPU.Build.0 = Release|Any CPU
		{943D8D5A-62E0-46A2-9914-DB9973DAF9C6}.Debug|Any CPU.ActiveCfg = Debug|Any CPU
		{943D8D5A-62E0-46A2-9914-DB9973DAF9C6}.Debug|Any CPU.Build.0 = Debug|Any CPU
		{943D8D5A-62E0-46A2-9914-DB9973DAF9C6}.Release|Any CPU.ActiveCfg = Release|Any CPU
		{943D8D5A-62E0-46A2-9914-DB9973DAF9C6}.Release|Any CPU.Build.0 = Release|Any CPU
		{3EB7129C-BE34-4ECF-B8C5-65B772184186}.Debug|Any CPU.ActiveCfg = Debug|Any CPU
		{3EB7129C-BE34-4ECF-B8C5-65B772184186}.Debug|Any CPU.Build.0 = Debug|Any CPU
		{3EB7129C-BE34-4ECF-B8C5-65B772184186}.Release|Any CPU.ActiveCfg = Release|Any CPU
		{3EB7129C-BE34-4ECF-B8C5-65B772184186}.Release|Any CPU.Build.0 = Release|Any CPU
		{AC9456F4-D4A9-4025-9E8F-6BA056FBA37D}.Debug|Any CPU.ActiveCfg = Debug|Any CPU
		{AC9456F4-D4A9-4025-9E8F-6BA056FBA37D}.Debug|Any CPU.Build.0 = Debug|Any CPU
		{AC9456F4-D4A9-4025-9E8F-6BA056FBA37D}.Release|Any CPU.ActiveCfg = Release|Any CPU
		{AC9456F4-D4A9-4025-9E8F-6BA056FBA37D}.Release|Any CPU.Build.0 = Release|Any CPU
		{F936E225-02CF-4CC7-81A1-18866724C693}.Debug|Any CPU.ActiveCfg = Debug|Any CPU
		{F936E225-02CF-4CC7-81A1-18866724C693}.Debug|Any CPU.Build.0 = Debug|Any CPU
		{F936E225-02CF-4CC7-81A1-18866724C693}.Release|Any CPU.ActiveCfg = Release|Any CPU
		{F936E225-02CF-4CC7-81A1-18866724C693}.Release|Any CPU.Build.0 = Release|Any CPU
		{44D8FBA7-066B-46CC-A711-2315A5A22C70}.Debug|Any CPU.ActiveCfg = Debug|Any CPU
		{44D8FBA7-066B-46CC-A711-2315A5A22C70}.Debug|Any CPU.Build.0 = Debug|Any CPU
		{44D8FBA7-066B-46CC-A711-2315A5A22C70}.Release|Any CPU.ActiveCfg = Release|Any CPU
		{44D8FBA7-066B-46CC-A711-2315A5A22C70}.Release|Any CPU.Build.0 = Release|Any CPU
		{ECC527ED-96BA-44DF-9561-6CD8DE13B550}.Debug|Any CPU.ActiveCfg = Debug|Any CPU
		{ECC527ED-96BA-44DF-9561-6CD8DE13B550}.Debug|Any CPU.Build.0 = Debug|Any CPU
		{ECC527ED-96BA-44DF-9561-6CD8DE13B550}.Release|Any CPU.ActiveCfg = Release|Any CPU
		{ECC527ED-96BA-44DF-9561-6CD8DE13B550}.Release|Any CPU.Build.0 = Release|Any CPU
		{6C5443F8-9BF4-4355-8F42-E65EE9562E3A}.Debug|Any CPU.ActiveCfg = Debug|Any CPU
		{6C5443F8-9BF4-4355-8F42-E65EE9562E3A}.Debug|Any CPU.Build.0 = Debug|Any CPU
		{6C5443F8-9BF4-4355-8F42-E65EE9562E3A}.Release|Any CPU.ActiveCfg = Release|Any CPU
		{6C5443F8-9BF4-4355-8F42-E65EE9562E3A}.Release|Any CPU.Build.0 = Release|Any CPU
		{5616B5FF-BA13-4805-860C-1F69F2946B89}.Debug|Any CPU.ActiveCfg = Debug|Any CPU
		{5616B5FF-BA13-4805-860C-1F69F2946B89}.Debug|Any CPU.Build.0 = Debug|Any CPU
		{5616B5FF-BA13-4805-860C-1F69F2946B89}.Release|Any CPU.ActiveCfg = Release|Any CPU
		{5616B5FF-BA13-4805-860C-1F69F2946B89}.Release|Any CPU.Build.0 = Release|Any CPU
		{8B3BA6E5-2FAD-492E-A51D-8B213A74C5B8}.Debug|Any CPU.ActiveCfg = Debug|Any CPU
		{8B3BA6E5-2FAD-492E-A51D-8B213A74C5B8}.Debug|Any CPU.Build.0 = Debug|Any CPU
		{8B3BA6E5-2FAD-492E-A51D-8B213A74C5B8}.Release|Any CPU.ActiveCfg = Release|Any CPU
		{8B3BA6E5-2FAD-492E-A51D-8B213A74C5B8}.Release|Any CPU.Build.0 = Release|Any CPU
		{79AD3712-16C7-4F9D-82BB-D9A03F36EBF4}.Debug|Any CPU.ActiveCfg = Debug|Any CPU
		{79AD3712-16C7-4F9D-82BB-D9A03F36EBF4}.Debug|Any CPU.Build.0 = Debug|Any CPU
		{79AD3712-16C7-4F9D-82BB-D9A03F36EBF4}.Release|Any CPU.ActiveCfg = Release|Any CPU
		{79AD3712-16C7-4F9D-82BB-D9A03F36EBF4}.Release|Any CPU.Build.0 = Release|Any CPU
		{80CF05F8-A3EF-4957-B56F-614389170221}.Debug|Any CPU.ActiveCfg = Debug|Any CPU
		{80CF05F8-A3EF-4957-B56F-614389170221}.Debug|Any CPU.Build.0 = Debug|Any CPU
		{80CF05F8-A3EF-4957-B56F-614389170221}.Release|Any CPU.ActiveCfg = Release|Any CPU
		{80CF05F8-A3EF-4957-B56F-614389170221}.Release|Any CPU.Build.0 = Release|Any CPU
		{67CCD24F-A5C1-41F9-9FE8-FC8C4C818646}.Debug|Any CPU.ActiveCfg = Debug|Any CPU
		{67CCD24F-A5C1-41F9-9FE8-FC8C4C818646}.Debug|Any CPU.Build.0 = Debug|Any CPU
		{67CCD24F-A5C1-41F9-9FE8-FC8C4C818646}.Release|Any CPU.ActiveCfg = Release|Any CPU
		{67CCD24F-A5C1-41F9-9FE8-FC8C4C818646}.Release|Any CPU.Build.0 = Release|Any CPU
		{16755D15-4338-4243-8EAA-95673423599F}.Debug|Any CPU.ActiveCfg = Debug|Any CPU
		{16755D15-4338-4243-8EAA-95673423599F}.Debug|Any CPU.Build.0 = Debug|Any CPU
		{16755D15-4338-4243-8EAA-95673423599F}.Release|Any CPU.ActiveCfg = Release|Any CPU
		{16755D15-4338-4243-8EAA-95673423599F}.Release|Any CPU.Build.0 = Release|Any CPU
		{70CB989C-EF34-473B-ACEF-23FDB0A47E9B}.Debug|Any CPU.ActiveCfg = Debug|Any CPU
		{70CB989C-EF34-473B-ACEF-23FDB0A47E9B}.Debug|Any CPU.Build.0 = Debug|Any CPU
		{70CB989C-EF34-473B-ACEF-23FDB0A47E9B}.Release|Any CPU.ActiveCfg = Release|Any CPU
		{70CB989C-EF34-473B-ACEF-23FDB0A47E9B}.Release|Any CPU.Build.0 = Release|Any CPU
		{E6D42398-F350-497D-BA03-EB0C08E424A8}.Debug|Any CPU.ActiveCfg = Debug|Any CPU
		{E6D42398-F350-497D-BA03-EB0C08E424A8}.Debug|Any CPU.Build.0 = Debug|Any CPU
		{E6D42398-F350-497D-BA03-EB0C08E424A8}.Release|Any CPU.ActiveCfg = Release|Any CPU
		{E6D42398-F350-497D-BA03-EB0C08E424A8}.Release|Any CPU.Build.0 = Release|Any CPU
		{47B13F23-C3E6-4BBC-87FF-92D2D161CC39}.Debug|Any CPU.ActiveCfg = Debug|Any CPU
		{47B13F23-C3E6-4BBC-87FF-92D2D161CC39}.Debug|Any CPU.Build.0 = Debug|Any CPU
		{47B13F23-C3E6-4BBC-87FF-92D2D161CC39}.Release|Any CPU.ActiveCfg = Release|Any CPU
		{47B13F23-C3E6-4BBC-87FF-92D2D161CC39}.Release|Any CPU.Build.0 = Release|Any CPU
		{84770BE3-D26C-4800-9DF1-EA33704E9FBD}.Debug|Any CPU.ActiveCfg = Debug|Any CPU
		{84770BE3-D26C-4800-9DF1-EA33704E9FBD}.Debug|Any CPU.Build.0 = Debug|Any CPU
		{84770BE3-D26C-4800-9DF1-EA33704E9FBD}.Release|Any CPU.ActiveCfg = Release|Any CPU
		{84770BE3-D26C-4800-9DF1-EA33704E9FBD}.Release|Any CPU.Build.0 = Release|Any CPU
		{5B3827E8-4CC0-490D-B15C-4190A2982059}.Debug|Any CPU.ActiveCfg = Debug|Any CPU
		{5B3827E8-4CC0-490D-B15C-4190A2982059}.Debug|Any CPU.Build.0 = Debug|Any CPU
		{5B3827E8-4CC0-490D-B15C-4190A2982059}.Release|Any CPU.ActiveCfg = Release|Any CPU
		{5B3827E8-4CC0-490D-B15C-4190A2982059}.Release|Any CPU.Build.0 = Release|Any CPU
		{96DE3110-BA88-449C-A514-282BEFF4003E}.Debug|Any CPU.ActiveCfg = Debug|Any CPU
		{96DE3110-BA88-449C-A514-282BEFF4003E}.Debug|Any CPU.Build.0 = Debug|Any CPU
		{96DE3110-BA88-449C-A514-282BEFF4003E}.Release|Any CPU.ActiveCfg = Release|Any CPU
		{96DE3110-BA88-449C-A514-282BEFF4003E}.Release|Any CPU.Build.0 = Release|Any CPU
		{E8ECD5E0-009E-4FFA-8FB8-4CB9209A4F25}.Debug|Any CPU.ActiveCfg = Debug|Any CPU
		{E8ECD5E0-009E-4FFA-8FB8-4CB9209A4F25}.Debug|Any CPU.Build.0 = Debug|Any CPU
		{E8ECD5E0-009E-4FFA-8FB8-4CB9209A4F25}.Release|Any CPU.ActiveCfg = Release|Any CPU
		{E8ECD5E0-009E-4FFA-8FB8-4CB9209A4F25}.Release|Any CPU.Build.0 = Release|Any CPU
		{EAB4FF1E-BB9C-4C01-B8D6-171B1758B81D}.Debug|Any CPU.ActiveCfg = Debug|Any CPU
		{EAB4FF1E-BB9C-4C01-B8D6-171B1758B81D}.Debug|Any CPU.Build.0 = Debug|Any CPU
		{EAB4FF1E-BB9C-4C01-B8D6-171B1758B81D}.Release|Any CPU.ActiveCfg = Release|Any CPU
		{EAB4FF1E-BB9C-4C01-B8D6-171B1758B81D}.Release|Any CPU.Build.0 = Release|Any CPU
		{A09E51A5-7FEA-4220-9F90-15D92F8BEC0E}.Debug|Any CPU.ActiveCfg = Debug|Any CPU
		{A09E51A5-7FEA-4220-9F90-15D92F8BEC0E}.Debug|Any CPU.Build.0 = Debug|Any CPU
		{A09E51A5-7FEA-4220-9F90-15D92F8BEC0E}.Release|Any CPU.ActiveCfg = Release|Any CPU
		{A09E51A5-7FEA-4220-9F90-15D92F8BEC0E}.Release|Any CPU.Build.0 = Release|Any CPU
		{992503E9-626F-4ED5-B9CF-239C56C8F440}.Debug|Any CPU.ActiveCfg = Debug|Any CPU
		{992503E9-626F-4ED5-B9CF-239C56C8F440}.Debug|Any CPU.Build.0 = Debug|Any CPU
		{992503E9-626F-4ED5-B9CF-239C56C8F440}.Release|Any CPU.ActiveCfg = Release|Any CPU
		{992503E9-626F-4ED5-B9CF-239C56C8F440}.Release|Any CPU.Build.0 = Release|Any CPU
		{1EC9051F-ADBA-4EA2-BB67-A604153B9FE8}.Debug|Any CPU.ActiveCfg = Debug|Any CPU
		{1EC9051F-ADBA-4EA2-BB67-A604153B9FE8}.Debug|Any CPU.Build.0 = Debug|Any CPU
		{1EC9051F-ADBA-4EA2-BB67-A604153B9FE8}.Release|Any CPU.ActiveCfg = Release|Any CPU
		{1EC9051F-ADBA-4EA2-BB67-A604153B9FE8}.Release|Any CPU.Build.0 = Release|Any CPU
		{50902851-3081-49AF-ACEC-013E78460547}.Debug|Any CPU.ActiveCfg = Debug|Any CPU
		{50902851-3081-49AF-ACEC-013E78460547}.Debug|Any CPU.Build.0 = Debug|Any CPU
		{50902851-3081-49AF-ACEC-013E78460547}.Release|Any CPU.ActiveCfg = Release|Any CPU
		{50902851-3081-49AF-ACEC-013E78460547}.Release|Any CPU.Build.0 = Release|Any CPU
		{37085E09-A2DA-4930-B219-1A3E385C5385}.Debug|Any CPU.ActiveCfg = Debug|Any CPU
		{37085E09-A2DA-4930-B219-1A3E385C5385}.Debug|Any CPU.Build.0 = Debug|Any CPU
		{37085E09-A2DA-4930-B219-1A3E385C5385}.Release|Any CPU.ActiveCfg = Release|Any CPU
		{37085E09-A2DA-4930-B219-1A3E385C5385}.Release|Any CPU.Build.0 = Release|Any CPU
		{73D40DEB-B638-44A7-880E-CF1E4D6D0485}.Debug|Any CPU.ActiveCfg = Debug|Any CPU
		{73D40DEB-B638-44A7-880E-CF1E4D6D0485}.Debug|Any CPU.Build.0 = Debug|Any CPU
		{73D40DEB-B638-44A7-880E-CF1E4D6D0485}.Release|Any CPU.ActiveCfg = Release|Any CPU
		{73D40DEB-B638-44A7-880E-CF1E4D6D0485}.Release|Any CPU.Build.0 = Release|Any CPU
		{C6DEC0FA-F917-4241-B8C3-67E975F2F52D}.Debug|Any CPU.ActiveCfg = Debug|Any CPU
		{C6DEC0FA-F917-4241-B8C3-67E975F2F52D}.Debug|Any CPU.Build.0 = Debug|Any CPU
		{C6DEC0FA-F917-4241-B8C3-67E975F2F52D}.Release|Any CPU.ActiveCfg = Release|Any CPU
		{C6DEC0FA-F917-4241-B8C3-67E975F2F52D}.Release|Any CPU.Build.0 = Release|Any CPU
		{79830F4C-4732-4DFD-AE52-378E9B2C2FC3}.Debug|Any CPU.ActiveCfg = Debug|Any CPU
		{79830F4C-4732-4DFD-AE52-378E9B2C2FC3}.Debug|Any CPU.Build.0 = Debug|Any CPU
		{79830F4C-4732-4DFD-AE52-378E9B2C2FC3}.Release|Any CPU.ActiveCfg = Release|Any CPU
		{79830F4C-4732-4DFD-AE52-378E9B2C2FC3}.Release|Any CPU.Build.0 = Release|Any CPU
		{4743DDA2-FB80-4BD9-B54B-55C315EF625C}.Debug|Any CPU.ActiveCfg = Debug|Any CPU
		{4743DDA2-FB80-4BD9-B54B-55C315EF625C}.Debug|Any CPU.Build.0 = Debug|Any CPU
		{4743DDA2-FB80-4BD9-B54B-55C315EF625C}.Release|Any CPU.ActiveCfg = Release|Any CPU
		{4743DDA2-FB80-4BD9-B54B-55C315EF625C}.Release|Any CPU.Build.0 = Release|Any CPU
	EndGlobalSection
	GlobalSection(SolutionProperties) = preSolution
		HideSolutionNode = FALSE
	EndGlobalSection
	GlobalSection(NestedProjects) = preSolution
		{04393071-3BA6-42C5-89D8-A89E3AC34511} = {C2095ABE-A68C-4A85-82E8-D12C8D5FB2AD}
		{11C8B301-FE40-44A1-A5A2-BC684B6A56A0} = {C2095ABE-A68C-4A85-82E8-D12C8D5FB2AD}
		{DA2A9A8C-0EF3-4EDB-B026-3FF86DEF9464} = {C2095ABE-A68C-4A85-82E8-D12C8D5FB2AD}
		{FC4F499E-9AB1-4623-9AD8-CFDE0A07B7D0} = {C2095ABE-A68C-4A85-82E8-D12C8D5FB2AD}
		{600D74AF-A0AE-46AA-BCF5-695650BBE66F} = {C2095ABE-A68C-4A85-82E8-D12C8D5FB2AD}
		{6AA3B516-ABFE-4EDA-98DD-1CE799DA747F} = {FC422D56-6D0C-48D8-9F47-A6B3B43623B3}
		{D3C5CCFE-698B-41C7-9A72-5FD0262765E1} = {FC422D56-6D0C-48D8-9F47-A6B3B43623B3}
		{93F88F47-1871-44CD-9622-EB8D406C969C} = {FC422D56-6D0C-48D8-9F47-A6B3B43623B3}
		{B80C5250-3D81-4742-B8A5-84AE39122BA9} = {FC422D56-6D0C-48D8-9F47-A6B3B43623B3}
		{412839A0-77FF-4B66-85C9-50DC07E8FDB7} = {FC422D56-6D0C-48D8-9F47-A6B3B43623B3}
		{5E9A04B8-B760-4D2F-A50D-ABF1062EEB66} = {8786CE26-2414-4E8F-BC64-825BED0390E9}
		{C50DAB38-75A5-47F5-A6A0-1165BBE5E283} = {8786CE26-2414-4E8F-BC64-825BED0390E9}
		{66D48A72-29CE-49B3-B397-76A8B9F5C812} = {ED325929-9D9B-45CD-9C44-B961A631E8C1}
		{98499AB1-754E-4FB5-8328-9E8FF5741970} = {ED325929-9D9B-45CD-9C44-B961A631E8C1}
		{8160C8FF-3052-4ED9-A4B7-4FF5408D8EE0} = {ED325929-9D9B-45CD-9C44-B961A631E8C1}
		{6017E08E-C81E-4507-A2AA-838F15299606} = {31567AE5-07C5-4655-B00C-22DCCF9684CF}
		{8DF766E8-189D-4845-917D-DD60EABF556A} = {FC422D56-6D0C-48D8-9F47-A6B3B43623B3}
		{FA595CBF-C9AA-4D4F-AFF7-19E571C91D00} = {FC422D56-6D0C-48D8-9F47-A6B3B43623B3}
		{4DE08169-8512-4E1C-91ED-FD42FFC0AF71} = {C2095ABE-A68C-4A85-82E8-D12C8D5FB2AD}
		{B30F66B0-D089-4259-A6A4-D8E560E99A6F} = {31567AE5-07C5-4655-B00C-22DCCF9684CF}
		{FE692FCB-46C0-47A1-80ED-EFDCC811CF69} = {C2095ABE-A68C-4A85-82E8-D12C8D5FB2AD}
		{D294DACD-668E-4397-B8E8-F1717D5653B5} = {8D715FA6-3414-48B3-ADF7-06107D21B20D}
		{8270F3AF-2B53-45E4-9795-89091CEE60D4} = {C2095ABE-A68C-4A85-82E8-D12C8D5FB2AD}
		{62AE266B-0004-49A2-8769-C4014D4E7042} = {FC422D56-6D0C-48D8-9F47-A6B3B43623B3}
		{0A8309F2-7520-4E83-ACF8-B71EE7860E09} = {FC422D56-6D0C-48D8-9F47-A6B3B43623B3}
		{51C3BAF5-6AE2-47C4-932B-25687013C2CE} = {FC422D56-6D0C-48D8-9F47-A6B3B43623B3}
		{9FD961DA-777E-4C9C-9BF2-9EA4FD989C21} = {FC422D56-6D0C-48D8-9F47-A6B3B43623B3}
		{09207CB3-EED3-4DBF-A594-6381154E677C} = {C2095ABE-A68C-4A85-82E8-D12C8D5FB2AD}
		{5175B72D-BAC7-472C-A396-3936BF1237C0} = {8C2F4077-5F32-44E4-BB76-8F77F2D63CBB}
		{8C66CBDB-9899-4D80-846A-F197925D3163} = {8C2F4077-5F32-44E4-BB76-8F77F2D63CBB}
		{7112EB01-28F4-438D-945D-87CB69D14B99} = {8C2F4077-5F32-44E4-BB76-8F77F2D63CBB}
		{CD11D46E-4675-4090-B50B-A85FFA3D1D2C} = {96919D13-4E1E-474A-B79E-B255627795ED}
		{30973320-9F61-45FB-8C75-3256ADB1BFB1} = {96919D13-4E1E-474A-B79E-B255627795ED}
		{4DEBD450-FEAE-49E3-9961-06169D59DC03} = {96919D13-4E1E-474A-B79E-B255627795ED}
		{0C7DB792-B30B-4138-8D37-67450E2F0982} = {8C2F4077-5F32-44E4-BB76-8F77F2D63CBB}
		{597B3252-3165-4574-826C-95399452D0B8} = {96919D13-4E1E-474A-B79E-B255627795ED}
		{3C13810C-ED74-490B-9303-9CCBFE485F5E} = {8C2F4077-5F32-44E4-BB76-8F77F2D63CBB}
		{0A7C5FE5-4688-42C4-8202-676042BB0F81} = {96919D13-4E1E-474A-B79E-B255627795ED}
		{715B890D-CAEC-46E6-BF18-A556E1AE81A9} = {96919D13-4E1E-474A-B79E-B255627795ED}
		{9AB4F0E3-6693-4ACD-95BC-24D04134781F} = {D159F18B-38B4-4942-9D0C-BB71C4BD9EFD}
		{BBABA3C7-E177-44D6-B97E-4D8F3D01AFF6} = {D159F18B-38B4-4942-9D0C-BB71C4BD9EFD}
		{1D30187D-DADB-4725-A9C5-C43EE983A080} = {D159F18B-38B4-4942-9D0C-BB71C4BD9EFD}
		{78DDAA5D-8ABD-4695-A66B-1EAF2BDE77EB} = {96919D13-4E1E-474A-B79E-B255627795ED}
		{943D8D5A-62E0-46A2-9914-DB9973DAF9C6} = {D159F18B-38B4-4942-9D0C-BB71C4BD9EFD}
		{3EB7129C-BE34-4ECF-B8C5-65B772184186} = {D159F18B-38B4-4942-9D0C-BB71C4BD9EFD}
		{AC9456F4-D4A9-4025-9E8F-6BA056FBA37D} = {D159F18B-38B4-4942-9D0C-BB71C4BD9EFD}
		{F936E225-02CF-4CC7-81A1-18866724C693} = {D159F18B-38B4-4942-9D0C-BB71C4BD9EFD}
		{44D8FBA7-066B-46CC-A711-2315A5A22C70} = {D159F18B-38B4-4942-9D0C-BB71C4BD9EFD}
		{ECC527ED-96BA-44DF-9561-6CD8DE13B550} = {A0EF35D0-71FD-4B7F-9199-CE522E81E594}
		{6C5443F8-9BF4-4355-8F42-E65EE9562E3A} = {A0EF35D0-71FD-4B7F-9199-CE522E81E594}
		{5616B5FF-BA13-4805-860C-1F69F2946B89} = {A0EF35D0-71FD-4B7F-9199-CE522E81E594}
		{8C2F4077-5F32-44E4-BB76-8F77F2D63CBB} = {90A664C9-2A22-45A1-AF77-14B998126713}
		{D159F18B-38B4-4942-9D0C-BB71C4BD9EFD} = {90A664C9-2A22-45A1-AF77-14B998126713}
		{8B3BA6E5-2FAD-492E-A51D-8B213A74C5B8} = {96919D13-4E1E-474A-B79E-B255627795ED}
		{79AD3712-16C7-4F9D-82BB-D9A03F36EBF4} = {96919D13-4E1E-474A-B79E-B255627795ED}
		{80CF05F8-A3EF-4957-B56F-614389170221} = {D159F18B-38B4-4942-9D0C-BB71C4BD9EFD}
		{67CCD24F-A5C1-41F9-9FE8-FC8C4C818646} = {8C2F4077-5F32-44E4-BB76-8F77F2D63CBB}
		{16755D15-4338-4243-8EAA-95673423599F} = {D159F18B-38B4-4942-9D0C-BB71C4BD9EFD}
		{70CB989C-EF34-473B-ACEF-23FDB0A47E9B} = {D159F18B-38B4-4942-9D0C-BB71C4BD9EFD}
		{E6D42398-F350-497D-BA03-EB0C08E424A8} = {8C2F4077-5F32-44E4-BB76-8F77F2D63CBB}
		{47B13F23-C3E6-4BBC-87FF-92D2D161CC39} = {A0EF35D0-71FD-4B7F-9199-CE522E81E594}
		{84770BE3-D26C-4800-9DF1-EA33704E9FBD} = {8C2F4077-5F32-44E4-BB76-8F77F2D63CBB}
		{5B3827E8-4CC0-490D-B15C-4190A2982059} = {8C2F4077-5F32-44E4-BB76-8F77F2D63CBB}
		{96DE3110-BA88-449C-A514-282BEFF4003E} = {8C2F4077-5F32-44E4-BB76-8F77F2D63CBB}
		{E8ECD5E0-009E-4FFA-8FB8-4CB9209A4F25} = {D159F18B-38B4-4942-9D0C-BB71C4BD9EFD}
		{EAB4FF1E-BB9C-4C01-B8D6-171B1758B81D} = {A0EF35D0-71FD-4B7F-9199-CE522E81E594}
		{A09E51A5-7FEA-4220-9F90-15D92F8BEC0E} = {A0EF35D0-71FD-4B7F-9199-CE522E81E594}
		{992503E9-626F-4ED5-B9CF-239C56C8F440} = {8C2F4077-5F32-44E4-BB76-8F77F2D63CBB}
		{1EC9051F-ADBA-4EA2-BB67-A604153B9FE8} = {22F8AD09-8643-494E-AD33-65447F10E558}
		{50902851-3081-49AF-ACEC-013E78460547} = {8C2F4077-5F32-44E4-BB76-8F77F2D63CBB}
		{73D40DEB-B638-44A7-880E-CF1E4D6D0485} = {22F8AD09-8643-494E-AD33-65447F10E558}
		{C6DEC0FA-F917-4241-B8C3-67E975F2F52D} = {22F8AD09-8643-494E-AD33-65447F10E558}
		{79830F4C-4732-4DFD-AE52-378E9B2C2FC3} = {22F8AD09-8643-494E-AD33-65447F10E558}
		{22F8AD09-8643-494E-AD33-65447F10E558} = {5E241632-7DA6-44E3-807F-83980E2CEAC6}
		{D207A3D5-1EEA-4B5D-B96E-63084CC3D864} = {5E241632-7DA6-44E3-807F-83980E2CEAC6}
		{4743DDA2-FB80-4BD9-B54B-55C315EF625C} = {D207A3D5-1EEA-4B5D-B96E-63084CC3D864}
		{8A11668A-60EB-4A22-8BAD-D0294B9B490B} = {5E241632-7DA6-44E3-807F-83980E2CEAC6}
	EndGlobalSection
	GlobalSection(ExtensibilityGlobals) = postSolution
		SolutionGuid = {97B689F4-F324-4048-A586-6D7150C9C419}
	EndGlobalSection
EndGlobal
