
Microsoft Visual Studio Solution File, Format Version 12.00
# Visual Studio Version 16
VisualStudioVersion = 16.0.30907.101
MinimumVisualStudioVersion = 10.0.40219.1
Project("{FAE04EC0-301F-11D3-BF4B-00C04F79EFBC}") = "Common", "Common\Common.csproj", "{A5A743F5-D346-4B2B-B6AC-07152F64E4D9}"
EndProject
Project("{FAE04EC0-301F-11D3-BF4B-00C04F79EFBC}") = "GraphViewModel", "GraphViewModel\GraphViewModel.csproj", "{16D6E068-2A1C-4903-930F-762681A2802E}"
EndProject
Project("{2150E333-8FDC-42A3-9474-1A3956D46DE8}") = "Apps", "Apps", "{8786CE26-2414-4E8F-BC64-825BED0390E9}"
EndProject
Project("{2150E333-8FDC-42A3-9474-1A3956D46DE8}") = "GraphLib", "GraphLib", "{FC422D56-6D0C-48D8-9F47-A6B3B43623B3}"
EndProject
Project("{2150E333-8FDC-42A3-9474-1A3956D46DE8}") = "Service", "Service", "{A5000CE5-7646-4EC3-B431-1F4047956F2B}"
EndProject
Project("{2150E333-8FDC-42A3-9474-1A3956D46DE8}") = "Algorithm", "Algorithm", "{C2095ABE-A68C-4A85-82E8-D12C8D5FB2AD}"
EndProject
Project("{FAE04EC0-301F-11D3-BF4B-00C04F79EFBC}") = "Algorithm.Base", "Algorithm\Algorithm.Base\Algorithm.Base.csproj", "{04393071-3BA6-42C5-89D8-A89E3AC34511}"
EndProject
Project("{FAE04EC0-301F-11D3-BF4B-00C04F79EFBC}") = "Algorithm.Common", "Algorithm\Algorithm.Common\Algorithm.Common.csproj", "{DF721A89-3E01-4159-B51A-E5723C9FD0BA}"
EndProject
Project("{FAE04EC0-301F-11D3-BF4B-00C04F79EFBC}") = "Algorithm.Extensions", "Algorithm\Algorithm.Extensions\Algorithm.Extensions.csproj", "{11C8B301-FE40-44A1-A5A2-BC684B6A56A0}"
EndProject
Project("{FAE04EC0-301F-11D3-BF4B-00C04F79EFBC}") = "Algorithm.Infrastructure", "Algorithm\Algorithm.Infrastructure\Algorithm.Infrastructure.csproj", "{DA2A9A8C-0EF3-4EDB-B026-3FF86DEF9464}"
EndProject
Project("{FAE04EC0-301F-11D3-BF4B-00C04F79EFBC}") = "Algorithm.Interfaces", "Algorithm\Algorithm.Interfaces\Algorithm.Interfaces.csproj", "{FC4F499E-9AB1-4623-9AD8-CFDE0A07B7D0}"
EndProject
Project("{FAE04EC0-301F-11D3-BF4B-00C04F79EFBC}") = "Algorithm.Realizations", "Algorithm\Algorithm.Realizations\Algorithm.Realizations.csproj", "{600D74AF-A0AE-46AA-BCF5-695650BBE66F}"
EndProject
Project("{FAE04EC0-301F-11D3-BF4B-00C04F79EFBC}") = "GraphLib.Base", "GraphLib\GraphLib.Base\GraphLib.Base.csproj", "{6AA3B516-ABFE-4EDA-98DD-1CE799DA747F}"
EndProject
Project("{FAE04EC0-301F-11D3-BF4B-00C04F79EFBC}") = "GraphLib.Common", "GraphLib\GraphLib.Common\GraphLib.Common.csproj", "{3CD8330E-9445-4DC4-A1DA-EE704F652942}"
EndProject
Project("{FAE04EC0-301F-11D3-BF4B-00C04F79EFBC}") = "GraphLib.Interfaces", "GraphLib\GraphLib.Interfaces\GraphLib.Interfaces.csproj", "{D3C5CCFE-698B-41C7-9A72-5FD0262765E1}"
EndProject
Project("{9A19103F-16F7-4668-BE54-9A1E7A4F7556}") = "GraphLib.Common.Tests", "GraphLib\GraphLib.Common.Tests\GraphLib.Common.Tests.csproj", "{579EAC48-D8F7-4419-AEBC-120060184126}"
EndProject
Project("{FAE04EC0-301F-11D3-BF4B-00C04F79EFBC}") = "GraphLib.Extensions", "GraphLib\GraphLib.Extensions\GraphLib.Extensions.csproj", "{93F88F47-1871-44CD-9622-EB8D406C969C}"
EndProject
Project("{9A19103F-16F7-4668-BE54-9A1E7A4F7556}") = "GraphLib.Extensions.Tests", "GraphLib\GraphLib.Extensions.Tests\GraphLib.Extensions.Tests.csproj", "{64F03482-2ED8-4177-BCA4-1E990B4AFA8B}"
EndProject
Project("{FAE04EC0-301F-11D3-BF4B-00C04F79EFBC}") = "GraphLib.Realizations", "GraphLib\GraphLib.Realizations\GraphLib.Realizations.csproj", "{B80C5250-3D81-4742-B8A5-84AE39122BA9}"
EndProject
Project("{9A19103F-16F7-4668-BE54-9A1E7A4F7556}") = "GraphLib.Realizations.Tests", "GraphLib\GraphLib.Realizations.Tests\GraphLib.Realizations.Tests.csproj", "{7CCF2CA6-FAEC-47F0-AAFE-4E5F9DD00BA5}"
EndProject
Project("{FAE04EC0-301F-11D3-BF4B-00C04F79EFBC}") = "GraphLib.Serialization", "GraphLib\GraphLib.Serialization\GraphLib.Serialization.csproj", "{412839A0-77FF-4B66-85C9-50DC07E8FDB7}"
EndProject
Project("{9A19103F-16F7-4668-BE54-9A1E7A4F7556}") = "GraphLib.Serialization.Tests", "GraphLib\GraphLib.Serialization.Tests\GraphLib.Serialization.Tests.csproj", "{E2D71BC3-111A-4E72-AB49-65B36CA3686E}"
EndProject
Project("{FAE04EC0-301F-11D3-BF4B-00C04F79EFBC}") = "ConsoleVersion", "Apps\ConsoleVersion\ConsoleVersion.csproj", "{21737C42-9926-4992-BBFC-F2BEA9B4561A}"
EndProject
Project("{FAE04EC0-301F-11D3-BF4B-00C04F79EFBC}") = "WindowsFormsVersion", "Apps\WindowsFormsVersion\WindowsFormsVersion.csproj", "{5E9A04B8-B760-4D2F-A50D-ABF1062EEB66}"
EndProject
Project("{FAE04EC0-301F-11D3-BF4B-00C04F79EFBC}") = "WPFVersion", "Apps\WPFVersion\WPFVersion.csproj", "{040A5D8B-F84B-4595-9DCB-932976F90EE0}"
EndProject
Project("{FAE04EC0-301F-11D3-BF4B-00C04F79EFBC}") = "WPFVersion3D", "Apps\WPFVersion3D\WPFVersion3D.csproj", "{C50DAB38-75A5-47F5-A6A0-1165BBE5E283}"
EndProject
Project("{2150E333-8FDC-42A3-9474-1A3956D46DE8}") = "Plugins", "Plugins", "{BD7C7E0F-701A-4B95-AB99-C51E700E81CF}"
EndProject
Project("{FAE04EC0-301F-11D3-BF4B-00C04F79EFBC}") = "Plugins.LeeAlgorithm", "Plugins\Plugins.LeeAlgorithm\Plugins.LeeAlgorithm.csproj", "{16542A71-E07F-4379-A088-C94A5A4AAC0B}"
EndProject
Project("{FAE04EC0-301F-11D3-BF4B-00C04F79EFBC}") = "Plugins.BestFirstLeeAlgorithm", "Plugins\Plugins.BestFirstLeeAlgorithm\Plugins.BestFirstLeeAlgorithm.csproj", "{C3950357-4EE5-4CEC-A644-839468FF0656}"
EndProject
Project("{FAE04EC0-301F-11D3-BF4B-00C04F79EFBC}") = "Plugins.DijkstraALgorithm", "Plugins\Plugins.DijkstraALgorithm\Plugins.DijkstraALgorithm.csproj", "{5D200D2A-FB7C-4C73-BCB0-5FC946AA3F93}"
EndProject
Project("{FAE04EC0-301F-11D3-BF4B-00C04F79EFBC}") = "Plugins.DistanceFirstAlgorithm", "Plugins\Plugins.DistanceFirstAlgorithm\Plugins.DistanceFirstAlgorithm.csproj", "{79264A03-C0D0-4B7B-AE50-A8DB6F9DD372}"
EndProject
Project("{FAE04EC0-301F-11D3-BF4B-00C04F79EFBC}") = "Plugins.AStarAlgorithm", "Plugins\Plugins.AStarAlgorithm\Plugins.AStarAlgorithm.csproj", "{DC12D8DC-B6D9-4C57-B6E2-A15373B5F07E}"
EndProject
Project("{FAE04EC0-301F-11D3-BF4B-00C04F79EFBC}") = "Plugins.AStarModified", "Plugins\Plugins.AStarModified\Plugins.AStarModified.csproj", "{E24547B4-0824-4D1F-8534-B60F8E6B9393}"
EndProject
Project("{9A19103F-16F7-4668-BE54-9A1E7A4F7556}") = "Algorithm.Extensions.Tests", "Algorithm\Algorithm.Extensions.Tests\Algorithm.Extensions.Tests.csproj", "{B87E6BFD-6408-4753-86B9-550D88FCB81C}"
EndProject
Project("{FAE04EC0-301F-11D3-BF4B-00C04F79EFBC}") = "Conditional", "Conditional\Conditional.csproj", "{7125C12B-8EEA-4906-B427-E0575F060731}"
EndProject
Project("{9A19103F-16F7-4668-BE54-9A1E7A4F7556}") = "Plugins.DijkstraAlgorithm.Tests", "Plugins\Plugins.DijkstraAlgorithm.Tests\Plugins.DijkstraAlgorithm.Tests.csproj", "{3A8DB8CD-823E-4062-BE8D-924C6146F0A5}"
EndProject
Project("{FAE04EC0-301F-11D3-BF4B-00C04F79EFBC}") = "GraphLib.Exceptions", "GraphLib\GraphLib.Exceptions\GraphLib.Exceptions.csproj", "{B6DA5928-65EC-42C0-B012-F25F8F023271}"
EndProject
Global
	GlobalSection(SolutionConfigurationPlatforms) = preSolution
		Debug|Any CPU = Debug|Any CPU
		Release|Any CPU = Release|Any CPU
	EndGlobalSection
	GlobalSection(ProjectConfigurationPlatforms) = postSolution
		{A5A743F5-D346-4B2B-B6AC-07152F64E4D9}.Debug|Any CPU.ActiveCfg = Debug|Any CPU
		{A5A743F5-D346-4B2B-B6AC-07152F64E4D9}.Debug|Any CPU.Build.0 = Debug|Any CPU
		{A5A743F5-D346-4B2B-B6AC-07152F64E4D9}.Release|Any CPU.ActiveCfg = Release|Any CPU
		{A5A743F5-D346-4B2B-B6AC-07152F64E4D9}.Release|Any CPU.Build.0 = Release|Any CPU
		{16D6E068-2A1C-4903-930F-762681A2802E}.Debug|Any CPU.ActiveCfg = Debug|Any CPU
		{16D6E068-2A1C-4903-930F-762681A2802E}.Debug|Any CPU.Build.0 = Debug|Any CPU
		{16D6E068-2A1C-4903-930F-762681A2802E}.Release|Any CPU.ActiveCfg = Release|Any CPU
		{16D6E068-2A1C-4903-930F-762681A2802E}.Release|Any CPU.Build.0 = Release|Any CPU
		{04393071-3BA6-42C5-89D8-A89E3AC34511}.Debug|Any CPU.ActiveCfg = Debug|Any CPU
		{04393071-3BA6-42C5-89D8-A89E3AC34511}.Debug|Any CPU.Build.0 = Debug|Any CPU
		{04393071-3BA6-42C5-89D8-A89E3AC34511}.Release|Any CPU.ActiveCfg = Release|Any CPU
		{04393071-3BA6-42C5-89D8-A89E3AC34511}.Release|Any CPU.Build.0 = Release|Any CPU
		{DF721A89-3E01-4159-B51A-E5723C9FD0BA}.Debug|Any CPU.ActiveCfg = Debug|Any CPU
		{DF721A89-3E01-4159-B51A-E5723C9FD0BA}.Debug|Any CPU.Build.0 = Debug|Any CPU
		{DF721A89-3E01-4159-B51A-E5723C9FD0BA}.Release|Any CPU.ActiveCfg = Release|Any CPU
		{DF721A89-3E01-4159-B51A-E5723C9FD0BA}.Release|Any CPU.Build.0 = Release|Any CPU
		{11C8B301-FE40-44A1-A5A2-BC684B6A56A0}.Debug|Any CPU.ActiveCfg = Debug|Any CPU
		{11C8B301-FE40-44A1-A5A2-BC684B6A56A0}.Debug|Any CPU.Build.0 = Debug|Any CPU
		{11C8B301-FE40-44A1-A5A2-BC684B6A56A0}.Release|Any CPU.ActiveCfg = Release|Any CPU
		{11C8B301-FE40-44A1-A5A2-BC684B6A56A0}.Release|Any CPU.Build.0 = Release|Any CPU
		{DA2A9A8C-0EF3-4EDB-B026-3FF86DEF9464}.Debug|Any CPU.ActiveCfg = Debug|Any CPU
		{DA2A9A8C-0EF3-4EDB-B026-3FF86DEF9464}.Debug|Any CPU.Build.0 = Debug|Any CPU
		{DA2A9A8C-0EF3-4EDB-B026-3FF86DEF9464}.Release|Any CPU.ActiveCfg = Release|Any CPU
		{DA2A9A8C-0EF3-4EDB-B026-3FF86DEF9464}.Release|Any CPU.Build.0 = Release|Any CPU
		{FC4F499E-9AB1-4623-9AD8-CFDE0A07B7D0}.Debug|Any CPU.ActiveCfg = Debug|Any CPU
		{FC4F499E-9AB1-4623-9AD8-CFDE0A07B7D0}.Debug|Any CPU.Build.0 = Debug|Any CPU
		{FC4F499E-9AB1-4623-9AD8-CFDE0A07B7D0}.Release|Any CPU.ActiveCfg = Release|Any CPU
		{FC4F499E-9AB1-4623-9AD8-CFDE0A07B7D0}.Release|Any CPU.Build.0 = Release|Any CPU
		{600D74AF-A0AE-46AA-BCF5-695650BBE66F}.Debug|Any CPU.ActiveCfg = Debug|Any CPU
		{600D74AF-A0AE-46AA-BCF5-695650BBE66F}.Debug|Any CPU.Build.0 = Debug|Any CPU
		{600D74AF-A0AE-46AA-BCF5-695650BBE66F}.Release|Any CPU.ActiveCfg = Release|Any CPU
		{600D74AF-A0AE-46AA-BCF5-695650BBE66F}.Release|Any CPU.Build.0 = Release|Any CPU
		{6AA3B516-ABFE-4EDA-98DD-1CE799DA747F}.Debug|Any CPU.ActiveCfg = Debug|Any CPU
		{6AA3B516-ABFE-4EDA-98DD-1CE799DA747F}.Debug|Any CPU.Build.0 = Debug|Any CPU
		{6AA3B516-ABFE-4EDA-98DD-1CE799DA747F}.Release|Any CPU.ActiveCfg = Release|Any CPU
		{6AA3B516-ABFE-4EDA-98DD-1CE799DA747F}.Release|Any CPU.Build.0 = Release|Any CPU
		{3CD8330E-9445-4DC4-A1DA-EE704F652942}.Debug|Any CPU.ActiveCfg = Debug|Any CPU
		{3CD8330E-9445-4DC4-A1DA-EE704F652942}.Debug|Any CPU.Build.0 = Debug|Any CPU
		{3CD8330E-9445-4DC4-A1DA-EE704F652942}.Release|Any CPU.ActiveCfg = Release|Any CPU
		{3CD8330E-9445-4DC4-A1DA-EE704F652942}.Release|Any CPU.Build.0 = Release|Any CPU
		{D3C5CCFE-698B-41C7-9A72-5FD0262765E1}.Debug|Any CPU.ActiveCfg = Debug|Any CPU
		{D3C5CCFE-698B-41C7-9A72-5FD0262765E1}.Debug|Any CPU.Build.0 = Debug|Any CPU
		{D3C5CCFE-698B-41C7-9A72-5FD0262765E1}.Release|Any CPU.ActiveCfg = Release|Any CPU
		{D3C5CCFE-698B-41C7-9A72-5FD0262765E1}.Release|Any CPU.Build.0 = Release|Any CPU
		{579EAC48-D8F7-4419-AEBC-120060184126}.Debug|Any CPU.ActiveCfg = Debug|Any CPU
		{579EAC48-D8F7-4419-AEBC-120060184126}.Debug|Any CPU.Build.0 = Debug|Any CPU
		{579EAC48-D8F7-4419-AEBC-120060184126}.Release|Any CPU.ActiveCfg = Release|Any CPU
		{579EAC48-D8F7-4419-AEBC-120060184126}.Release|Any CPU.Build.0 = Release|Any CPU
		{93F88F47-1871-44CD-9622-EB8D406C969C}.Debug|Any CPU.ActiveCfg = Debug|Any CPU
		{93F88F47-1871-44CD-9622-EB8D406C969C}.Debug|Any CPU.Build.0 = Debug|Any CPU
		{93F88F47-1871-44CD-9622-EB8D406C969C}.Release|Any CPU.ActiveCfg = Release|Any CPU
		{93F88F47-1871-44CD-9622-EB8D406C969C}.Release|Any CPU.Build.0 = Release|Any CPU
		{64F03482-2ED8-4177-BCA4-1E990B4AFA8B}.Debug|Any CPU.ActiveCfg = Debug|Any CPU
		{64F03482-2ED8-4177-BCA4-1E990B4AFA8B}.Debug|Any CPU.Build.0 = Debug|Any CPU
		{64F03482-2ED8-4177-BCA4-1E990B4AFA8B}.Release|Any CPU.ActiveCfg = Release|Any CPU
		{64F03482-2ED8-4177-BCA4-1E990B4AFA8B}.Release|Any CPU.Build.0 = Release|Any CPU
		{B80C5250-3D81-4742-B8A5-84AE39122BA9}.Debug|Any CPU.ActiveCfg = Debug|Any CPU
		{B80C5250-3D81-4742-B8A5-84AE39122BA9}.Debug|Any CPU.Build.0 = Debug|Any CPU
		{B80C5250-3D81-4742-B8A5-84AE39122BA9}.Release|Any CPU.ActiveCfg = Release|Any CPU
		{B80C5250-3D81-4742-B8A5-84AE39122BA9}.Release|Any CPU.Build.0 = Release|Any CPU
		{7CCF2CA6-FAEC-47F0-AAFE-4E5F9DD00BA5}.Debug|Any CPU.ActiveCfg = Debug|Any CPU
		{7CCF2CA6-FAEC-47F0-AAFE-4E5F9DD00BA5}.Debug|Any CPU.Build.0 = Debug|Any CPU
		{7CCF2CA6-FAEC-47F0-AAFE-4E5F9DD00BA5}.Release|Any CPU.ActiveCfg = Release|Any CPU
		{7CCF2CA6-FAEC-47F0-AAFE-4E5F9DD00BA5}.Release|Any CPU.Build.0 = Release|Any CPU
		{412839A0-77FF-4B66-85C9-50DC07E8FDB7}.Debug|Any CPU.ActiveCfg = Debug|Any CPU
		{412839A0-77FF-4B66-85C9-50DC07E8FDB7}.Debug|Any CPU.Build.0 = Debug|Any CPU
		{412839A0-77FF-4B66-85C9-50DC07E8FDB7}.Release|Any CPU.ActiveCfg = Release|Any CPU
		{412839A0-77FF-4B66-85C9-50DC07E8FDB7}.Release|Any CPU.Build.0 = Release|Any CPU
		{E2D71BC3-111A-4E72-AB49-65B36CA3686E}.Debug|Any CPU.ActiveCfg = Debug|Any CPU
		{E2D71BC3-111A-4E72-AB49-65B36CA3686E}.Debug|Any CPU.Build.0 = Debug|Any CPU
		{E2D71BC3-111A-4E72-AB49-65B36CA3686E}.Release|Any CPU.ActiveCfg = Release|Any CPU
		{E2D71BC3-111A-4E72-AB49-65B36CA3686E}.Release|Any CPU.Build.0 = Release|Any CPU
		{21737C42-9926-4992-BBFC-F2BEA9B4561A}.Debug|Any CPU.ActiveCfg = Debug|Any CPU
		{21737C42-9926-4992-BBFC-F2BEA9B4561A}.Debug|Any CPU.Build.0 = Debug|Any CPU
		{21737C42-9926-4992-BBFC-F2BEA9B4561A}.Release|Any CPU.ActiveCfg = Release|Any CPU
		{21737C42-9926-4992-BBFC-F2BEA9B4561A}.Release|Any CPU.Build.0 = Release|Any CPU
		{5E9A04B8-B760-4D2F-A50D-ABF1062EEB66}.Debug|Any CPU.ActiveCfg = Debug|Any CPU
		{5E9A04B8-B760-4D2F-A50D-ABF1062EEB66}.Debug|Any CPU.Build.0 = Debug|Any CPU
		{5E9A04B8-B760-4D2F-A50D-ABF1062EEB66}.Release|Any CPU.ActiveCfg = Release|Any CPU
		{5E9A04B8-B760-4D2F-A50D-ABF1062EEB66}.Release|Any CPU.Build.0 = Release|Any CPU
		{040A5D8B-F84B-4595-9DCB-932976F90EE0}.Debug|Any CPU.ActiveCfg = Debug|Any CPU
		{040A5D8B-F84B-4595-9DCB-932976F90EE0}.Debug|Any CPU.Build.0 = Debug|Any CPU
		{040A5D8B-F84B-4595-9DCB-932976F90EE0}.Release|Any CPU.ActiveCfg = Release|Any CPU
		{040A5D8B-F84B-4595-9DCB-932976F90EE0}.Release|Any CPU.Build.0 = Release|Any CPU
		{C50DAB38-75A5-47F5-A6A0-1165BBE5E283}.Debug|Any CPU.ActiveCfg = Debug|Any CPU
		{C50DAB38-75A5-47F5-A6A0-1165BBE5E283}.Debug|Any CPU.Build.0 = Debug|Any CPU
		{C50DAB38-75A5-47F5-A6A0-1165BBE5E283}.Release|Any CPU.ActiveCfg = Release|Any CPU
		{C50DAB38-75A5-47F5-A6A0-1165BBE5E283}.Release|Any CPU.Build.0 = Release|Any CPU
		{16542A71-E07F-4379-A088-C94A5A4AAC0B}.Debug|Any CPU.ActiveCfg = Debug|Any CPU
		{16542A71-E07F-4379-A088-C94A5A4AAC0B}.Debug|Any CPU.Build.0 = Debug|Any CPU
		{16542A71-E07F-4379-A088-C94A5A4AAC0B}.Release|Any CPU.ActiveCfg = Release|Any CPU
		{16542A71-E07F-4379-A088-C94A5A4AAC0B}.Release|Any CPU.Build.0 = Release|Any CPU
		{C3950357-4EE5-4CEC-A644-839468FF0656}.Debug|Any CPU.ActiveCfg = Debug|Any CPU
		{C3950357-4EE5-4CEC-A644-839468FF0656}.Debug|Any CPU.Build.0 = Debug|Any CPU
		{C3950357-4EE5-4CEC-A644-839468FF0656}.Release|Any CPU.ActiveCfg = Release|Any CPU
		{C3950357-4EE5-4CEC-A644-839468FF0656}.Release|Any CPU.Build.0 = Release|Any CPU
		{5D200D2A-FB7C-4C73-BCB0-5FC946AA3F93}.Debug|Any CPU.ActiveCfg = Debug|Any CPU
		{5D200D2A-FB7C-4C73-BCB0-5FC946AA3F93}.Debug|Any CPU.Build.0 = Debug|Any CPU
		{5D200D2A-FB7C-4C73-BCB0-5FC946AA3F93}.Release|Any CPU.ActiveCfg = Release|Any CPU
		{5D200D2A-FB7C-4C73-BCB0-5FC946AA3F93}.Release|Any CPU.Build.0 = Release|Any CPU
		{79264A03-C0D0-4B7B-AE50-A8DB6F9DD372}.Debug|Any CPU.ActiveCfg = Debug|Any CPU
		{79264A03-C0D0-4B7B-AE50-A8DB6F9DD372}.Debug|Any CPU.Build.0 = Debug|Any CPU
		{79264A03-C0D0-4B7B-AE50-A8DB6F9DD372}.Release|Any CPU.ActiveCfg = Release|Any CPU
		{79264A03-C0D0-4B7B-AE50-A8DB6F9DD372}.Release|Any CPU.Build.0 = Release|Any CPU
		{DC12D8DC-B6D9-4C57-B6E2-A15373B5F07E}.Debug|Any CPU.ActiveCfg = Debug|Any CPU
		{DC12D8DC-B6D9-4C57-B6E2-A15373B5F07E}.Debug|Any CPU.Build.0 = Debug|Any CPU
		{DC12D8DC-B6D9-4C57-B6E2-A15373B5F07E}.Release|Any CPU.ActiveCfg = Release|Any CPU
		{DC12D8DC-B6D9-4C57-B6E2-A15373B5F07E}.Release|Any CPU.Build.0 = Release|Any CPU
		{E24547B4-0824-4D1F-8534-B60F8E6B9393}.Debug|Any CPU.ActiveCfg = Debug|Any CPU
		{E24547B4-0824-4D1F-8534-B60F8E6B9393}.Debug|Any CPU.Build.0 = Debug|Any CPU
		{E24547B4-0824-4D1F-8534-B60F8E6B9393}.Release|Any CPU.ActiveCfg = Release|Any CPU
		{E24547B4-0824-4D1F-8534-B60F8E6B9393}.Release|Any CPU.Build.0 = Release|Any CPU
		{B87E6BFD-6408-4753-86B9-550D88FCB81C}.Debug|Any CPU.ActiveCfg = Debug|Any CPU
		{B87E6BFD-6408-4753-86B9-550D88FCB81C}.Debug|Any CPU.Build.0 = Debug|Any CPU
		{B87E6BFD-6408-4753-86B9-550D88FCB81C}.Release|Any CPU.ActiveCfg = Release|Any CPU
		{B87E6BFD-6408-4753-86B9-550D88FCB81C}.Release|Any CPU.Build.0 = Release|Any CPU
		{7125C12B-8EEA-4906-B427-E0575F060731}.Debug|Any CPU.ActiveCfg = Debug|Any CPU
		{7125C12B-8EEA-4906-B427-E0575F060731}.Debug|Any CPU.Build.0 = Debug|Any CPU
		{7125C12B-8EEA-4906-B427-E0575F060731}.Release|Any CPU.ActiveCfg = Release|Any CPU
		{7125C12B-8EEA-4906-B427-E0575F060731}.Release|Any CPU.Build.0 = Release|Any CPU
		{3A8DB8CD-823E-4062-BE8D-924C6146F0A5}.Debug|Any CPU.ActiveCfg = Debug|Any CPU
		{3A8DB8CD-823E-4062-BE8D-924C6146F0A5}.Debug|Any CPU.Build.0 = Debug|Any CPU
		{3A8DB8CD-823E-4062-BE8D-924C6146F0A5}.Release|Any CPU.ActiveCfg = Release|Any CPU
		{3A8DB8CD-823E-4062-BE8D-924C6146F0A5}.Release|Any CPU.Build.0 = Release|Any CPU
		{B6DA5928-65EC-42C0-B012-F25F8F023271}.Debug|Any CPU.ActiveCfg = Debug|Any CPU
		{B6DA5928-65EC-42C0-B012-F25F8F023271}.Debug|Any CPU.Build.0 = Debug|Any CPU
		{B6DA5928-65EC-42C0-B012-F25F8F023271}.Release|Any CPU.ActiveCfg = Release|Any CPU
		{B6DA5928-65EC-42C0-B012-F25F8F023271}.Release|Any CPU.Build.0 = Release|Any CPU
	EndGlobalSection
	GlobalSection(SolutionProperties) = preSolution
		HideSolutionNode = FALSE
	EndGlobalSection
	GlobalSection(NestedProjects) = preSolution
		{16D6E068-2A1C-4903-930F-762681A2802E} = {A5000CE5-7646-4EC3-B431-1F4047956F2B}
		{04393071-3BA6-42C5-89D8-A89E3AC34511} = {C2095ABE-A68C-4A85-82E8-D12C8D5FB2AD}
		{DF721A89-3E01-4159-B51A-E5723C9FD0BA} = {C2095ABE-A68C-4A85-82E8-D12C8D5FB2AD}
		{11C8B301-FE40-44A1-A5A2-BC684B6A56A0} = {C2095ABE-A68C-4A85-82E8-D12C8D5FB2AD}
		{DA2A9A8C-0EF3-4EDB-B026-3FF86DEF9464} = {C2095ABE-A68C-4A85-82E8-D12C8D5FB2AD}
		{FC4F499E-9AB1-4623-9AD8-CFDE0A07B7D0} = {C2095ABE-A68C-4A85-82E8-D12C8D5FB2AD}
		{600D74AF-A0AE-46AA-BCF5-695650BBE66F} = {C2095ABE-A68C-4A85-82E8-D12C8D5FB2AD}
		{6AA3B516-ABFE-4EDA-98DD-1CE799DA747F} = {FC422D56-6D0C-48D8-9F47-A6B3B43623B3}
		{3CD8330E-9445-4DC4-A1DA-EE704F652942} = {FC422D56-6D0C-48D8-9F47-A6B3B43623B3}
		{D3C5CCFE-698B-41C7-9A72-5FD0262765E1} = {FC422D56-6D0C-48D8-9F47-A6B3B43623B3}
		{579EAC48-D8F7-4419-AEBC-120060184126} = {FC422D56-6D0C-48D8-9F47-A6B3B43623B3}
		{93F88F47-1871-44CD-9622-EB8D406C969C} = {FC422D56-6D0C-48D8-9F47-A6B3B43623B3}
		{64F03482-2ED8-4177-BCA4-1E990B4AFA8B} = {FC422D56-6D0C-48D8-9F47-A6B3B43623B3}
		{B80C5250-3D81-4742-B8A5-84AE39122BA9} = {FC422D56-6D0C-48D8-9F47-A6B3B43623B3}
		{7CCF2CA6-FAEC-47F0-AAFE-4E5F9DD00BA5} = {FC422D56-6D0C-48D8-9F47-A6B3B43623B3}
		{412839A0-77FF-4B66-85C9-50DC07E8FDB7} = {FC422D56-6D0C-48D8-9F47-A6B3B43623B3}
		{E2D71BC3-111A-4E72-AB49-65B36CA3686E} = {FC422D56-6D0C-48D8-9F47-A6B3B43623B3}
		{21737C42-9926-4992-BBFC-F2BEA9B4561A} = {8786CE26-2414-4E8F-BC64-825BED0390E9}
		{5E9A04B8-B760-4D2F-A50D-ABF1062EEB66} = {8786CE26-2414-4E8F-BC64-825BED0390E9}
		{040A5D8B-F84B-4595-9DCB-932976F90EE0} = {8786CE26-2414-4E8F-BC64-825BED0390E9}
		{C50DAB38-75A5-47F5-A6A0-1165BBE5E283} = {8786CE26-2414-4E8F-BC64-825BED0390E9}
		{16542A71-E07F-4379-A088-C94A5A4AAC0B} = {BD7C7E0F-701A-4B95-AB99-C51E700E81CF}
		{C3950357-4EE5-4CEC-A644-839468FF0656} = {BD7C7E0F-701A-4B95-AB99-C51E700E81CF}
		{5D200D2A-FB7C-4C73-BCB0-5FC946AA3F93} = {BD7C7E0F-701A-4B95-AB99-C51E700E81CF}
		{79264A03-C0D0-4B7B-AE50-A8DB6F9DD372} = {BD7C7E0F-701A-4B95-AB99-C51E700E81CF}
		{DC12D8DC-B6D9-4C57-B6E2-A15373B5F07E} = {BD7C7E0F-701A-4B95-AB99-C51E700E81CF}
		{E24547B4-0824-4D1F-8534-B60F8E6B9393} = {BD7C7E0F-701A-4B95-AB99-C51E700E81CF}
		{B87E6BFD-6408-4753-86B9-550D88FCB81C} = {C2095ABE-A68C-4A85-82E8-D12C8D5FB2AD}
		{3A8DB8CD-823E-4062-BE8D-924C6146F0A5} = {BD7C7E0F-701A-4B95-AB99-C51E700E81CF}
		{B6DA5928-65EC-42C0-B012-F25F8F023271} = {FC422D56-6D0C-48D8-9F47-A6B3B43623B3}
	EndGlobalSection
	GlobalSection(ExtensibilityGlobals) = postSolution
		SolutionGuid = {97B689F4-F324-4048-A586-6D7150C9C419}
	EndGlobalSection
EndGlobal
