
Microsoft Visual Studio Solution File, Format Version 12.00
# Visual Studio Version 16
VisualStudioVersion = 16.0.30907.101
MinimumVisualStudioVersion = 10.0.40219.1
Project("{FAE04EC0-301F-11D3-BF4B-00C04F79EFBC}") = "Common", "Common\Common.csproj", "{A5A743F5-D346-4B2B-B6AC-07152F64E4D9}"
EndProject
Project("{FAE04EC0-301F-11D3-BF4B-00C04F79EFBC}") = "GraphViewModel", "GraphViewModel\GraphViewModel.csproj", "{16D6E068-2A1C-4903-930F-762681A2802E}"
EndProject
Project("{2150E333-8FDC-42A3-9474-1A3956D46DE8}") = "Apps", "Apps", "{8786CE26-2414-4E8F-BC64-825BED0390E9}"
EndProject
Project("{2150E333-8FDC-42A3-9474-1A3956D46DE8}") = "GraphLib", "GraphLib", "{FC422D56-6D0C-48D8-9F47-A6B3B43623B3}"
EndProject
Project("{2150E333-8FDC-42A3-9474-1A3956D46DE8}") = "Algorithm", "Algorithm", "{C2095ABE-A68C-4A85-82E8-D12C8D5FB2AD}"
EndProject
Project("{FAE04EC0-301F-11D3-BF4B-00C04F79EFBC}") = "Algorithm.Base", "Algorithm\Algorithm.Base\Algorithm.Base.csproj", "{04393071-3BA6-42C5-89D8-A89E3AC34511}"
EndProject
Project("{FAE04EC0-301F-11D3-BF4B-00C04F79EFBC}") = "Algorithm.Extensions", "Algorithm\Algorithm.Extensions\Algorithm.Extensions.csproj", "{11C8B301-FE40-44A1-A5A2-BC684B6A56A0}"
EndProject
Project("{FAE04EC0-301F-11D3-BF4B-00C04F79EFBC}") = "Algorithm.Infrastructure", "Algorithm\Algorithm.Infrastructure\Algorithm.Infrastructure.csproj", "{DA2A9A8C-0EF3-4EDB-B026-3FF86DEF9464}"
EndProject
Project("{FAE04EC0-301F-11D3-BF4B-00C04F79EFBC}") = "Algorithm.Interfaces", "Algorithm\Algorithm.Interfaces\Algorithm.Interfaces.csproj", "{FC4F499E-9AB1-4623-9AD8-CFDE0A07B7D0}"
EndProject
Project("{FAE04EC0-301F-11D3-BF4B-00C04F79EFBC}") = "Algorithm.Realizations", "Algorithm\Algorithm.Realizations\Algorithm.Realizations.csproj", "{600D74AF-A0AE-46AA-BCF5-695650BBE66F}"
EndProject
Project("{FAE04EC0-301F-11D3-BF4B-00C04F79EFBC}") = "GraphLib.Base", "GraphLib\GraphLib.Base\GraphLib.Base.csproj", "{6AA3B516-ABFE-4EDA-98DD-1CE799DA747F}"
EndProject
Project("{FAE04EC0-301F-11D3-BF4B-00C04F79EFBC}") = "GraphLib.Interfaces", "GraphLib\GraphLib.Interfaces\GraphLib.Interfaces.csproj", "{D3C5CCFE-698B-41C7-9A72-5FD0262765E1}"
EndProject
Project("{FAE04EC0-301F-11D3-BF4B-00C04F79EFBC}") = "GraphLib.Extensions", "GraphLib\GraphLib.Extensions\GraphLib.Extensions.csproj", "{93F88F47-1871-44CD-9622-EB8D406C969C}"
EndProject
Project("{FAE04EC0-301F-11D3-BF4B-00C04F79EFBC}") = "GraphLib.Realizations", "GraphLib\GraphLib.Realizations\GraphLib.Realizations.csproj", "{B80C5250-3D81-4742-B8A5-84AE39122BA9}"
EndProject
Project("{FAE04EC0-301F-11D3-BF4B-00C04F79EFBC}") = "GraphLib.Serialization", "GraphLib\GraphLib.Serialization\GraphLib.Serialization.csproj", "{412839A0-77FF-4B66-85C9-50DC07E8FDB7}"
EndProject
Project("{FAE04EC0-301F-11D3-BF4B-00C04F79EFBC}") = "ConsoleVersion", "Apps\ConsoleVersion\ConsoleVersion.csproj", "{21737C42-9926-4992-BBFC-F2BEA9B4561A}"
EndProject
Project("{FAE04EC0-301F-11D3-BF4B-00C04F79EFBC}") = "WindowsFormsVersion", "Apps\WindowsFormsVersion\WindowsFormsVersion.csproj", "{5E9A04B8-B760-4D2F-A50D-ABF1062EEB66}"
EndProject
Project("{FAE04EC0-301F-11D3-BF4B-00C04F79EFBC}") = "WPFVersion", "Apps\WPFVersion\WPFVersion.csproj", "{040A5D8B-F84B-4595-9DCB-932976F90EE0}"
EndProject
Project("{FAE04EC0-301F-11D3-BF4B-00C04F79EFBC}") = "WPFVersion3D", "Apps\WPFVersion3D\WPFVersion3D.csproj", "{C50DAB38-75A5-47F5-A6A0-1165BBE5E283}"
EndProject
Project("{2150E333-8FDC-42A3-9474-1A3956D46DE8}") = "GraphLib.Tests", "GraphLib.Tests", "{ED325929-9D9B-45CD-9C44-B961A631E8C1}"
EndProject
Project("{2150E333-8FDC-42A3-9474-1A3956D46DE8}") = "Algorithm.Tests", "Algorithm.Tests", "{31567AE5-07C5-4655-B00C-22DCCF9684CF}"
EndProject
Project("{9A19103F-16F7-4668-BE54-9A1E7A4F7556}") = "GraphLib.Extensions.Tests", "GraphLib.Tests\GraphLib.Extensions.Tests\GraphLib.Extensions.Tests.csproj", "{66D48A72-29CE-49B3-B397-76A8B9F5C812}"
EndProject
Project("{9A19103F-16F7-4668-BE54-9A1E7A4F7556}") = "GraphLib.Realizations.Tests", "GraphLib.Tests\GraphLib.Realizations.Tests\GraphLib.Realizations.Tests.csproj", "{98499AB1-754E-4FB5-8328-9E8FF5741970}"
EndProject
Project("{9A19103F-16F7-4668-BE54-9A1E7A4F7556}") = "GraphLib.Serialization.Tests", "GraphLib.Tests\GraphLib.Serialization.Tests\GraphLib.Serialization.Tests.csproj", "{8160C8FF-3052-4ED9-A4B7-4FF5408D8EE0}"
EndProject
Project("{FAE04EC0-301F-11D3-BF4B-00C04F79EFBC}") = "Algorithm.Сompanions", "Algorithm\Algorithm.Сompanions\Algorithm.Сompanions.csproj", "{8A717526-D82A-4409-B3B4-5979820253AF}"
EndProject
Project("{9A19103F-16F7-4668-BE54-9A1E7A4F7556}") = "Algorithm.Realizations.Tests", "Algorithm.Tests\Algorithm.Realizations.Tests\Algorithm.Realizations.Tests.csproj", "{6017E08E-C81E-4507-A2AA-838F15299606}"
EndProject
Project("{FAE04EC0-301F-11D3-BF4B-00C04F79EFBC}") = "Logging", "Logging\Logging.csproj", "{37085E09-A2DA-4930-B219-1A3E385C5385}"
EndProject
Project("{FAE04EC0-301F-11D3-BF4B-00C04F79EFBC}") = "NullObject", "NullObject\NullObject.csproj", "{51D677FD-7A82-4282-8A2E-51DEBE39E695}"
EndProject
Project("{9A19103F-16F7-4668-BE54-9A1E7A4F7556}") = "NullObject.Tests", "NullObject.Tests\NullObject.Tests.csproj", "{666D186C-5D2A-4AA3-8671-BEEF51C6DF77}"
EndProject
Project("{9A19103F-16F7-4668-BE54-9A1E7A4F7556}") = "Common.Tests", "Common.Tests\Common.Tests.csproj", "{41A6D909-5011-45F5-84CC-8E4FAB8B3D10}"
EndProject
Project("{FAE04EC0-301F-11D3-BF4B-00C04F79EFBC}") = "GraphLib.TestRealizations", "GraphLib\GraphLib.TestRealizations\GraphLib.TestRealizations.csproj", "{8DF766E8-189D-4845-917D-DD60EABF556A}"
EndProject
Project("{FAE04EC0-301F-11D3-BF4B-00C04F79EFBC}") = "GraphLib.NullRealizations", "GraphLib\GraphLib.NullRealizations\GraphLib.NullRealizations.csproj", "{FA595CBF-C9AA-4D4F-AFF7-19E571C91D00}"
EndProject
Project("{9A19103F-16F7-4668-BE54-9A1E7A4F7556}") = "GraphLib.NullRealization.Tests", "GraphLib.Tests\GraphLib.NullRealization.Tests\GraphLib.NullRealization.Tests.csproj", "{E458E202-5F99-482B-AE2E-7E661ACCDBBA}"
EndProject
Project("{FAE04EC0-301F-11D3-BF4B-00C04F79EFBC}") = "Interruptable", "Interruptable\Interruptable.csproj", "{97260353-B5E4-414B-A789-C4B5568089DC}"
EndProject
Project("{FAE04EC0-301F-11D3-BF4B-00C04F79EFBC}") = "Algorithm.Algos", "Algorithm\Algorithm.Algos\Algorithm.Algos.csproj", "{4DE08169-8512-4E1C-91ED-FD42FFC0AF71}"
EndProject
Project("{9A19103F-16F7-4668-BE54-9A1E7A4F7556}") = "Algorithm.Algos.Tests", "Algorithm.Tests\Algorithm.Algos.Tests\Algorithm.Algos.Tests.csproj", "{B30F66B0-D089-4259-A6A4-D8E560E99A6F}"
EndProject
Project("{FAE04EC0-301F-11D3-BF4B-00C04F79EFBC}") = "Algorithm.NullRealizations", "Algorithm\Algorithms.NullRealizations\Algorithm.NullRealizations.csproj", "{FE692FCB-46C0-47A1-80ED-EFDCC811CF69}"
EndProject
Project("{2150E333-8FDC-42A3-9474-1A3956D46DE8}") = "Algorithm.Benchmarks", "Algorithm.Benchmarks", "{8D715FA6-3414-48B3-ADF7-06107D21B20D}"
EndProject
Project("{FAE04EC0-301F-11D3-BF4B-00C04F79EFBC}") = "Algorithm.Algos.Benchmark", "Algorithm.Benchmarks\Algorithm.Algos.Benchmark\Algorithm.Algos.Benchmark.csproj", "{D294DACD-668E-4397-B8E8-F1717D5653B5}"
EndProject
Project("{FAE04EC0-301F-11D3-BF4B-00C04F79EFBC}") = "Algorithm.Factory", "Algorithm\Algorithm.Factory\Algorithm.Factory.csproj", "{8270F3AF-2B53-45E4-9795-89091CEE60D4}"
EndProject
Project("{FAE04EC0-301F-11D3-BF4B-00C04F79EFBC}") = "Visualization", "Visualization\Visualization.csproj", "{ABB541F1-72EC-4607-8515-7A43BCD67B13}"
EndProject
Project("{FAE04EC0-301F-11D3-BF4B-00C04F79EFBC}") = "ValueRange", "ValueRange\ValueRange.csproj", "{EB70607D-CDF4-4D91-BBFE-55F85ACC0A1B}"
EndProject
Project("{FAE04EC0-301F-11D3-BF4B-00C04F79EFBC}") = "Random", "Random\Random.csproj", "{03EB6575-5B74-418F-9231-1B67598C68E8}"
EndProject
Project("{9A19103F-16F7-4668-BE54-9A1E7A4F7556}") = "Random.Tests", "Random.Tests\Random.Tests.csproj", "{0B4A7688-8AB6-4CF5-BBFF-5599E076E2C9}"
EndProject
Project("{9A19103F-16F7-4668-BE54-9A1E7A4F7556}") = "ValueRange.Tests", "ValueRange.Tests\ValueRange.Tests.csproj", "{2EC389E2-362C-4522-8481-7B40E07DFC3E}"
EndProject
Project("{FAE04EC0-301F-11D3-BF4B-00C04F79EFBC}") = "SingletonLib", "SingletonLib\SingletonLib.csproj", "{1F8DE924-837C-4CD6-B902-110E1C565F89}"
EndProject
Project("{FAE04EC0-301F-11D3-BF4B-00C04F79EFBC}") = "GraphLib.Base.EndPoints", "GraphLib\GraphLib.Base.EndPoints\GraphLib.Base.EndPoints.csproj", "{62AE266B-0004-49A2-8769-C4014D4E7042}"
EndProject
Project("{FAE04EC0-301F-11D3-BF4B-00C04F79EFBC}") = "GraphLib.Base.EventHolder", "GraphLib\GraphLib.Base.EventHolder\GraphLib.Base.EventHolder.csproj", "{0A8309F2-7520-4E83-ACF8-B71EE7860E09}"
EndProject
Project("{FAE04EC0-301F-11D3-BF4B-00C04F79EFBC}") = "GraphLib.Proxy", "GraphLib\GraphLib.Proxy\GraphLib.Proxy.csproj", "{51C3BAF5-6AE2-47C4-932B-25687013C2CE}"
EndProject
Project("{FAE04EC0-301F-11D3-BF4B-00C04F79EFBC}") = "Commands", "Commands\Commands.csproj", "{A68B0EB4-3F07-4711-B314-FC1C709A5E2F}"
EndProject
Project("{FAE04EC0-301F-11D3-BF4B-00C04F79EFBC}") = "GraphLib.Exceptions", "GraphLib\GraphLib.Exceptions\GraphLib.Exceptions.csproj", "{3D8B3398-A50A-4559-B123-5C2D8213FA06}"
EndProject
Project("{FAE04EC0-301F-11D3-BF4B-00C04F79EFBC}") = "GraphLib.Utility", "GraphLib\GraphLib.Utility\GraphLib.Utility.csproj", "{9FD961DA-777E-4C9C-9BF2-9EA4FD989C21}"
EndProject
Global
	GlobalSection(SolutionConfigurationPlatforms) = preSolution
		Debug|Any CPU = Debug|Any CPU
		Release|Any CPU = Release|Any CPU
	EndGlobalSection
	GlobalSection(ProjectConfigurationPlatforms) = postSolution
		{A5A743F5-D346-4B2B-B6AC-07152F64E4D9}.Debug|Any CPU.ActiveCfg = Debug|Any CPU
		{A5A743F5-D346-4B2B-B6AC-07152F64E4D9}.Debug|Any CPU.Build.0 = Debug|Any CPU
		{A5A743F5-D346-4B2B-B6AC-07152F64E4D9}.Release|Any CPU.ActiveCfg = Release|Any CPU
		{A5A743F5-D346-4B2B-B6AC-07152F64E4D9}.Release|Any CPU.Build.0 = Release|Any CPU
		{16D6E068-2A1C-4903-930F-762681A2802E}.Debug|Any CPU.ActiveCfg = Debug|Any CPU
		{16D6E068-2A1C-4903-930F-762681A2802E}.Debug|Any CPU.Build.0 = Debug|Any CPU
		{16D6E068-2A1C-4903-930F-762681A2802E}.Release|Any CPU.ActiveCfg = Release|Any CPU
		{16D6E068-2A1C-4903-930F-762681A2802E}.Release|Any CPU.Build.0 = Release|Any CPU
		{04393071-3BA6-42C5-89D8-A89E3AC34511}.Debug|Any CPU.ActiveCfg = Debug|Any CPU
		{04393071-3BA6-42C5-89D8-A89E3AC34511}.Debug|Any CPU.Build.0 = Debug|Any CPU
		{04393071-3BA6-42C5-89D8-A89E3AC34511}.Release|Any CPU.ActiveCfg = Release|Any CPU
		{04393071-3BA6-42C5-89D8-A89E3AC34511}.Release|Any CPU.Build.0 = Release|Any CPU
		{11C8B301-FE40-44A1-A5A2-BC684B6A56A0}.Debug|Any CPU.ActiveCfg = Debug|Any CPU
		{11C8B301-FE40-44A1-A5A2-BC684B6A56A0}.Debug|Any CPU.Build.0 = Debug|Any CPU
		{11C8B301-FE40-44A1-A5A2-BC684B6A56A0}.Release|Any CPU.ActiveCfg = Release|Any CPU
		{11C8B301-FE40-44A1-A5A2-BC684B6A56A0}.Release|Any CPU.Build.0 = Release|Any CPU
		{DA2A9A8C-0EF3-4EDB-B026-3FF86DEF9464}.Debug|Any CPU.ActiveCfg = Debug|Any CPU
		{DA2A9A8C-0EF3-4EDB-B026-3FF86DEF9464}.Debug|Any CPU.Build.0 = Debug|Any CPU
		{DA2A9A8C-0EF3-4EDB-B026-3FF86DEF9464}.Release|Any CPU.ActiveCfg = Release|Any CPU
		{DA2A9A8C-0EF3-4EDB-B026-3FF86DEF9464}.Release|Any CPU.Build.0 = Release|Any CPU
		{FC4F499E-9AB1-4623-9AD8-CFDE0A07B7D0}.Debug|Any CPU.ActiveCfg = Debug|Any CPU
		{FC4F499E-9AB1-4623-9AD8-CFDE0A07B7D0}.Debug|Any CPU.Build.0 = Debug|Any CPU
		{FC4F499E-9AB1-4623-9AD8-CFDE0A07B7D0}.Release|Any CPU.ActiveCfg = Release|Any CPU
		{FC4F499E-9AB1-4623-9AD8-CFDE0A07B7D0}.Release|Any CPU.Build.0 = Release|Any CPU
		{600D74AF-A0AE-46AA-BCF5-695650BBE66F}.Debug|Any CPU.ActiveCfg = Debug|Any CPU
		{600D74AF-A0AE-46AA-BCF5-695650BBE66F}.Debug|Any CPU.Build.0 = Debug|Any CPU
		{600D74AF-A0AE-46AA-BCF5-695650BBE66F}.Release|Any CPU.ActiveCfg = Release|Any CPU
		{600D74AF-A0AE-46AA-BCF5-695650BBE66F}.Release|Any CPU.Build.0 = Release|Any CPU
		{6AA3B516-ABFE-4EDA-98DD-1CE799DA747F}.Debug|Any CPU.ActiveCfg = Debug|Any CPU
		{6AA3B516-ABFE-4EDA-98DD-1CE799DA747F}.Debug|Any CPU.Build.0 = Debug|Any CPU
		{6AA3B516-ABFE-4EDA-98DD-1CE799DA747F}.Release|Any CPU.ActiveCfg = Release|Any CPU
		{6AA3B516-ABFE-4EDA-98DD-1CE799DA747F}.Release|Any CPU.Build.0 = Release|Any CPU
		{D3C5CCFE-698B-41C7-9A72-5FD0262765E1}.Debug|Any CPU.ActiveCfg = Debug|Any CPU
		{D3C5CCFE-698B-41C7-9A72-5FD0262765E1}.Debug|Any CPU.Build.0 = Debug|Any CPU
		{D3C5CCFE-698B-41C7-9A72-5FD0262765E1}.Release|Any CPU.ActiveCfg = Release|Any CPU
		{D3C5CCFE-698B-41C7-9A72-5FD0262765E1}.Release|Any CPU.Build.0 = Release|Any CPU
		{93F88F47-1871-44CD-9622-EB8D406C969C}.Debug|Any CPU.ActiveCfg = Debug|Any CPU
		{93F88F47-1871-44CD-9622-EB8D406C969C}.Debug|Any CPU.Build.0 = Debug|Any CPU
		{93F88F47-1871-44CD-9622-EB8D406C969C}.Release|Any CPU.ActiveCfg = Release|Any CPU
		{93F88F47-1871-44CD-9622-EB8D406C969C}.Release|Any CPU.Build.0 = Release|Any CPU
		{B80C5250-3D81-4742-B8A5-84AE39122BA9}.Debug|Any CPU.ActiveCfg = Debug|Any CPU
		{B80C5250-3D81-4742-B8A5-84AE39122BA9}.Debug|Any CPU.Build.0 = Debug|Any CPU
		{B80C5250-3D81-4742-B8A5-84AE39122BA9}.Release|Any CPU.ActiveCfg = Release|Any CPU
		{B80C5250-3D81-4742-B8A5-84AE39122BA9}.Release|Any CPU.Build.0 = Release|Any CPU
		{412839A0-77FF-4B66-85C9-50DC07E8FDB7}.Debug|Any CPU.ActiveCfg = Debug|Any CPU
		{412839A0-77FF-4B66-85C9-50DC07E8FDB7}.Debug|Any CPU.Build.0 = Debug|Any CPU
		{412839A0-77FF-4B66-85C9-50DC07E8FDB7}.Release|Any CPU.ActiveCfg = Release|Any CPU
		{412839A0-77FF-4B66-85C9-50DC07E8FDB7}.Release|Any CPU.Build.0 = Release|Any CPU
		{21737C42-9926-4992-BBFC-F2BEA9B4561A}.Debug|Any CPU.ActiveCfg = Debug|Any CPU
		{21737C42-9926-4992-BBFC-F2BEA9B4561A}.Debug|Any CPU.Build.0 = Debug|Any CPU
		{21737C42-9926-4992-BBFC-F2BEA9B4561A}.Release|Any CPU.ActiveCfg = Release|Any CPU
		{21737C42-9926-4992-BBFC-F2BEA9B4561A}.Release|Any CPU.Build.0 = Release|Any CPU
		{5E9A04B8-B760-4D2F-A50D-ABF1062EEB66}.Debug|Any CPU.ActiveCfg = Debug|Any CPU
		{5E9A04B8-B760-4D2F-A50D-ABF1062EEB66}.Debug|Any CPU.Build.0 = Debug|Any CPU
		{5E9A04B8-B760-4D2F-A50D-ABF1062EEB66}.Release|Any CPU.ActiveCfg = Release|Any CPU
		{5E9A04B8-B760-4D2F-A50D-ABF1062EEB66}.Release|Any CPU.Build.0 = Release|Any CPU
		{040A5D8B-F84B-4595-9DCB-932976F90EE0}.Debug|Any CPU.ActiveCfg = Debug|Any CPU
		{040A5D8B-F84B-4595-9DCB-932976F90EE0}.Debug|Any CPU.Build.0 = Debug|Any CPU
		{040A5D8B-F84B-4595-9DCB-932976F90EE0}.Release|Any CPU.ActiveCfg = Release|Any CPU
		{040A5D8B-F84B-4595-9DCB-932976F90EE0}.Release|Any CPU.Build.0 = Release|Any CPU
		{C50DAB38-75A5-47F5-A6A0-1165BBE5E283}.Debug|Any CPU.ActiveCfg = Debug|Any CPU
		{C50DAB38-75A5-47F5-A6A0-1165BBE5E283}.Debug|Any CPU.Build.0 = Debug|Any CPU
		{C50DAB38-75A5-47F5-A6A0-1165BBE5E283}.Release|Any CPU.ActiveCfg = Release|Any CPU
		{C50DAB38-75A5-47F5-A6A0-1165BBE5E283}.Release|Any CPU.Build.0 = Release|Any CPU
		{66D48A72-29CE-49B3-B397-76A8B9F5C812}.Debug|Any CPU.ActiveCfg = Debug|Any CPU
		{66D48A72-29CE-49B3-B397-76A8B9F5C812}.Debug|Any CPU.Build.0 = Debug|Any CPU
		{66D48A72-29CE-49B3-B397-76A8B9F5C812}.Release|Any CPU.ActiveCfg = Release|Any CPU
		{66D48A72-29CE-49B3-B397-76A8B9F5C812}.Release|Any CPU.Build.0 = Release|Any CPU
		{98499AB1-754E-4FB5-8328-9E8FF5741970}.Debug|Any CPU.ActiveCfg = Debug|Any CPU
		{98499AB1-754E-4FB5-8328-9E8FF5741970}.Debug|Any CPU.Build.0 = Debug|Any CPU
		{98499AB1-754E-4FB5-8328-9E8FF5741970}.Release|Any CPU.ActiveCfg = Release|Any CPU
		{98499AB1-754E-4FB5-8328-9E8FF5741970}.Release|Any CPU.Build.0 = Release|Any CPU
		{8160C8FF-3052-4ED9-A4B7-4FF5408D8EE0}.Debug|Any CPU.ActiveCfg = Debug|Any CPU
		{8160C8FF-3052-4ED9-A4B7-4FF5408D8EE0}.Debug|Any CPU.Build.0 = Debug|Any CPU
		{8160C8FF-3052-4ED9-A4B7-4FF5408D8EE0}.Release|Any CPU.ActiveCfg = Release|Any CPU
		{8160C8FF-3052-4ED9-A4B7-4FF5408D8EE0}.Release|Any CPU.Build.0 = Release|Any CPU
		{8A717526-D82A-4409-B3B4-5979820253AF}.Debug|Any CPU.ActiveCfg = Debug|Any CPU
		{8A717526-D82A-4409-B3B4-5979820253AF}.Debug|Any CPU.Build.0 = Debug|Any CPU
		{8A717526-D82A-4409-B3B4-5979820253AF}.Release|Any CPU.ActiveCfg = Release|Any CPU
		{8A717526-D82A-4409-B3B4-5979820253AF}.Release|Any CPU.Build.0 = Release|Any CPU
		{6017E08E-C81E-4507-A2AA-838F15299606}.Debug|Any CPU.ActiveCfg = Debug|Any CPU
		{6017E08E-C81E-4507-A2AA-838F15299606}.Debug|Any CPU.Build.0 = Debug|Any CPU
		{6017E08E-C81E-4507-A2AA-838F15299606}.Release|Any CPU.ActiveCfg = Release|Any CPU
		{6017E08E-C81E-4507-A2AA-838F15299606}.Release|Any CPU.Build.0 = Release|Any CPU
		{37085E09-A2DA-4930-B219-1A3E385C5385}.Debug|Any CPU.ActiveCfg = Debug|Any CPU
		{37085E09-A2DA-4930-B219-1A3E385C5385}.Debug|Any CPU.Build.0 = Debug|Any CPU
		{37085E09-A2DA-4930-B219-1A3E385C5385}.Release|Any CPU.ActiveCfg = Release|Any CPU
		{37085E09-A2DA-4930-B219-1A3E385C5385}.Release|Any CPU.Build.0 = Release|Any CPU
		{51D677FD-7A82-4282-8A2E-51DEBE39E695}.Debug|Any CPU.ActiveCfg = Debug|Any CPU
		{51D677FD-7A82-4282-8A2E-51DEBE39E695}.Debug|Any CPU.Build.0 = Debug|Any CPU
		{51D677FD-7A82-4282-8A2E-51DEBE39E695}.Release|Any CPU.ActiveCfg = Release|Any CPU
		{51D677FD-7A82-4282-8A2E-51DEBE39E695}.Release|Any CPU.Build.0 = Release|Any CPU
		{666D186C-5D2A-4AA3-8671-BEEF51C6DF77}.Debug|Any CPU.ActiveCfg = Debug|Any CPU
		{666D186C-5D2A-4AA3-8671-BEEF51C6DF77}.Debug|Any CPU.Build.0 = Debug|Any CPU
		{666D186C-5D2A-4AA3-8671-BEEF51C6DF77}.Release|Any CPU.ActiveCfg = Release|Any CPU
		{666D186C-5D2A-4AA3-8671-BEEF51C6DF77}.Release|Any CPU.Build.0 = Release|Any CPU
		{41A6D909-5011-45F5-84CC-8E4FAB8B3D10}.Debug|Any CPU.ActiveCfg = Debug|Any CPU
		{41A6D909-5011-45F5-84CC-8E4FAB8B3D10}.Debug|Any CPU.Build.0 = Debug|Any CPU
		{41A6D909-5011-45F5-84CC-8E4FAB8B3D10}.Release|Any CPU.ActiveCfg = Release|Any CPU
		{41A6D909-5011-45F5-84CC-8E4FAB8B3D10}.Release|Any CPU.Build.0 = Release|Any CPU
		{8DF766E8-189D-4845-917D-DD60EABF556A}.Debug|Any CPU.ActiveCfg = Debug|Any CPU
		{8DF766E8-189D-4845-917D-DD60EABF556A}.Debug|Any CPU.Build.0 = Debug|Any CPU
		{8DF766E8-189D-4845-917D-DD60EABF556A}.Release|Any CPU.ActiveCfg = Release|Any CPU
		{8DF766E8-189D-4845-917D-DD60EABF556A}.Release|Any CPU.Build.0 = Release|Any CPU
		{FA595CBF-C9AA-4D4F-AFF7-19E571C91D00}.Debug|Any CPU.ActiveCfg = Debug|Any CPU
		{FA595CBF-C9AA-4D4F-AFF7-19E571C91D00}.Debug|Any CPU.Build.0 = Debug|Any CPU
		{FA595CBF-C9AA-4D4F-AFF7-19E571C91D00}.Release|Any CPU.ActiveCfg = Release|Any CPU
		{FA595CBF-C9AA-4D4F-AFF7-19E571C91D00}.Release|Any CPU.Build.0 = Release|Any CPU
		{E458E202-5F99-482B-AE2E-7E661ACCDBBA}.Debug|Any CPU.ActiveCfg = Debug|Any CPU
		{E458E202-5F99-482B-AE2E-7E661ACCDBBA}.Debug|Any CPU.Build.0 = Debug|Any CPU
		{E458E202-5F99-482B-AE2E-7E661ACCDBBA}.Release|Any CPU.ActiveCfg = Release|Any CPU
		{E458E202-5F99-482B-AE2E-7E661ACCDBBA}.Release|Any CPU.Build.0 = Release|Any CPU
		{97260353-B5E4-414B-A789-C4B5568089DC}.Debug|Any CPU.ActiveCfg = Debug|Any CPU
		{97260353-B5E4-414B-A789-C4B5568089DC}.Debug|Any CPU.Build.0 = Debug|Any CPU
		{97260353-B5E4-414B-A789-C4B5568089DC}.Release|Any CPU.ActiveCfg = Release|Any CPU
		{97260353-B5E4-414B-A789-C4B5568089DC}.Release|Any CPU.Build.0 = Release|Any CPU
		{4DE08169-8512-4E1C-91ED-FD42FFC0AF71}.Debug|Any CPU.ActiveCfg = Debug|Any CPU
		{4DE08169-8512-4E1C-91ED-FD42FFC0AF71}.Debug|Any CPU.Build.0 = Debug|Any CPU
		{4DE08169-8512-4E1C-91ED-FD42FFC0AF71}.Release|Any CPU.ActiveCfg = Release|Any CPU
		{4DE08169-8512-4E1C-91ED-FD42FFC0AF71}.Release|Any CPU.Build.0 = Release|Any CPU
		{B30F66B0-D089-4259-A6A4-D8E560E99A6F}.Debug|Any CPU.ActiveCfg = Debug|Any CPU
		{B30F66B0-D089-4259-A6A4-D8E560E99A6F}.Debug|Any CPU.Build.0 = Debug|Any CPU
		{B30F66B0-D089-4259-A6A4-D8E560E99A6F}.Release|Any CPU.ActiveCfg = Release|Any CPU
		{B30F66B0-D089-4259-A6A4-D8E560E99A6F}.Release|Any CPU.Build.0 = Release|Any CPU
		{FE692FCB-46C0-47A1-80ED-EFDCC811CF69}.Debug|Any CPU.ActiveCfg = Debug|Any CPU
		{FE692FCB-46C0-47A1-80ED-EFDCC811CF69}.Debug|Any CPU.Build.0 = Debug|Any CPU
		{FE692FCB-46C0-47A1-80ED-EFDCC811CF69}.Release|Any CPU.ActiveCfg = Release|Any CPU
		{FE692FCB-46C0-47A1-80ED-EFDCC811CF69}.Release|Any CPU.Build.0 = Release|Any CPU
		{D294DACD-668E-4397-B8E8-F1717D5653B5}.Debug|Any CPU.ActiveCfg = Debug|Any CPU
		{D294DACD-668E-4397-B8E8-F1717D5653B5}.Debug|Any CPU.Build.0 = Debug|Any CPU
		{D294DACD-668E-4397-B8E8-F1717D5653B5}.Release|Any CPU.ActiveCfg = Release|Any CPU
		{D294DACD-668E-4397-B8E8-F1717D5653B5}.Release|Any CPU.Build.0 = Release|Any CPU
		{8270F3AF-2B53-45E4-9795-89091CEE60D4}.Debug|Any CPU.ActiveCfg = Debug|Any CPU
		{8270F3AF-2B53-45E4-9795-89091CEE60D4}.Debug|Any CPU.Build.0 = Debug|Any CPU
		{8270F3AF-2B53-45E4-9795-89091CEE60D4}.Release|Any CPU.ActiveCfg = Release|Any CPU
		{8270F3AF-2B53-45E4-9795-89091CEE60D4}.Release|Any CPU.Build.0 = Release|Any CPU
		{ABB541F1-72EC-4607-8515-7A43BCD67B13}.Debug|Any CPU.ActiveCfg = Debug|Any CPU
		{ABB541F1-72EC-4607-8515-7A43BCD67B13}.Debug|Any CPU.Build.0 = Debug|Any CPU
		{ABB541F1-72EC-4607-8515-7A43BCD67B13}.Release|Any CPU.ActiveCfg = Release|Any CPU
		{ABB541F1-72EC-4607-8515-7A43BCD67B13}.Release|Any CPU.Build.0 = Release|Any CPU
		{EB70607D-CDF4-4D91-BBFE-55F85ACC0A1B}.Debug|Any CPU.ActiveCfg = Debug|Any CPU
		{EB70607D-CDF4-4D91-BBFE-55F85ACC0A1B}.Debug|Any CPU.Build.0 = Debug|Any CPU
		{EB70607D-CDF4-4D91-BBFE-55F85ACC0A1B}.Release|Any CPU.ActiveCfg = Release|Any CPU
		{EB70607D-CDF4-4D91-BBFE-55F85ACC0A1B}.Release|Any CPU.Build.0 = Release|Any CPU
		{03EB6575-5B74-418F-9231-1B67598C68E8}.Debug|Any CPU.ActiveCfg = Debug|Any CPU
		{03EB6575-5B74-418F-9231-1B67598C68E8}.Debug|Any CPU.Build.0 = Debug|Any CPU
		{03EB6575-5B74-418F-9231-1B67598C68E8}.Release|Any CPU.ActiveCfg = Release|Any CPU
		{03EB6575-5B74-418F-9231-1B67598C68E8}.Release|Any CPU.Build.0 = Release|Any CPU
		{0B4A7688-8AB6-4CF5-BBFF-5599E076E2C9}.Debug|Any CPU.ActiveCfg = Debug|Any CPU
		{0B4A7688-8AB6-4CF5-BBFF-5599E076E2C9}.Debug|Any CPU.Build.0 = Debug|Any CPU
		{0B4A7688-8AB6-4CF5-BBFF-5599E076E2C9}.Release|Any CPU.ActiveCfg = Release|Any CPU
		{0B4A7688-8AB6-4CF5-BBFF-5599E076E2C9}.Release|Any CPU.Build.0 = Release|Any CPU
		{2EC389E2-362C-4522-8481-7B40E07DFC3E}.Debug|Any CPU.ActiveCfg = Debug|Any CPU
		{2EC389E2-362C-4522-8481-7B40E07DFC3E}.Debug|Any CPU.Build.0 = Debug|Any CPU
		{2EC389E2-362C-4522-8481-7B40E07DFC3E}.Release|Any CPU.ActiveCfg = Release|Any CPU
		{2EC389E2-362C-4522-8481-7B40E07DFC3E}.Release|Any CPU.Build.0 = Release|Any CPU
		{1F8DE924-837C-4CD6-B902-110E1C565F89}.Debug|Any CPU.ActiveCfg = Debug|Any CPU
		{1F8DE924-837C-4CD6-B902-110E1C565F89}.Debug|Any CPU.Build.0 = Debug|Any CPU
		{1F8DE924-837C-4CD6-B902-110E1C565F89}.Release|Any CPU.ActiveCfg = Release|Any CPU
		{1F8DE924-837C-4CD6-B902-110E1C565F89}.Release|Any CPU.Build.0 = Release|Any CPU
		{62AE266B-0004-49A2-8769-C4014D4E7042}.Debug|Any CPU.ActiveCfg = Debug|Any CPU
		{62AE266B-0004-49A2-8769-C4014D4E7042}.Debug|Any CPU.Build.0 = Debug|Any CPU
		{62AE266B-0004-49A2-8769-C4014D4E7042}.Release|Any CPU.ActiveCfg = Release|Any CPU
		{62AE266B-0004-49A2-8769-C4014D4E7042}.Release|Any CPU.Build.0 = Release|Any CPU
		{0A8309F2-7520-4E83-ACF8-B71EE7860E09}.Debug|Any CPU.ActiveCfg = Debug|Any CPU
		{0A8309F2-7520-4E83-ACF8-B71EE7860E09}.Debug|Any CPU.Build.0 = Debug|Any CPU
		{0A8309F2-7520-4E83-ACF8-B71EE7860E09}.Release|Any CPU.ActiveCfg = Release|Any CPU
		{0A8309F2-7520-4E83-ACF8-B71EE7860E09}.Release|Any CPU.Build.0 = Release|Any CPU
		{51C3BAF5-6AE2-47C4-932B-25687013C2CE}.Debug|Any CPU.ActiveCfg = Debug|Any CPU
		{51C3BAF5-6AE2-47C4-932B-25687013C2CE}.Debug|Any CPU.Build.0 = Debug|Any CPU
		{51C3BAF5-6AE2-47C4-932B-25687013C2CE}.Release|Any CPU.ActiveCfg = Release|Any CPU
		{51C3BAF5-6AE2-47C4-932B-25687013C2CE}.Release|Any CPU.Build.0 = Release|Any CPU
		{A68B0EB4-3F07-4711-B314-FC1C709A5E2F}.Debug|Any CPU.ActiveCfg = Debug|Any CPU
		{A68B0EB4-3F07-4711-B314-FC1C709A5E2F}.Debug|Any CPU.Build.0 = Debug|Any CPU
		{A68B0EB4-3F07-4711-B314-FC1C709A5E2F}.Release|Any CPU.ActiveCfg = Release|Any CPU
		{A68B0EB4-3F07-4711-B314-FC1C709A5E2F}.Release|Any CPU.Build.0 = Release|Any CPU
		{3D8B3398-A50A-4559-B123-5C2D8213FA06}.Debug|Any CPU.ActiveCfg = Debug|Any CPU
		{3D8B3398-A50A-4559-B123-5C2D8213FA06}.Debug|Any CPU.Build.0 = Debug|Any CPU
		{3D8B3398-A50A-4559-B123-5C2D8213FA06}.Release|Any CPU.ActiveCfg = Release|Any CPU
		{3D8B3398-A50A-4559-B123-5C2D8213FA06}.Release|Any CPU.Build.0 = Release|Any CPU
		{9FD961DA-777E-4C9C-9BF2-9EA4FD989C21}.Debug|Any CPU.ActiveCfg = Debug|Any CPU
		{9FD961DA-777E-4C9C-9BF2-9EA4FD989C21}.Debug|Any CPU.Build.0 = Debug|Any CPU
		{9FD961DA-777E-4C9C-9BF2-9EA4FD989C21}.Release|Any CPU.ActiveCfg = Release|Any CPU
		{9FD961DA-777E-4C9C-9BF2-9EA4FD989C21}.Release|Any CPU.Build.0 = Release|Any CPU
	EndGlobalSection
	GlobalSection(SolutionProperties) = preSolution
		HideSolutionNode = FALSE
	EndGlobalSection
	GlobalSection(NestedProjects) = preSolution
		{04393071-3BA6-42C5-89D8-A89E3AC34511} = {C2095ABE-A68C-4A85-82E8-D12C8D5FB2AD}
		{11C8B301-FE40-44A1-A5A2-BC684B6A56A0} = {C2095ABE-A68C-4A85-82E8-D12C8D5FB2AD}
		{DA2A9A8C-0EF3-4EDB-B026-3FF86DEF9464} = {C2095ABE-A68C-4A85-82E8-D12C8D5FB2AD}
		{FC4F499E-9AB1-4623-9AD8-CFDE0A07B7D0} = {C2095ABE-A68C-4A85-82E8-D12C8D5FB2AD}
		{600D74AF-A0AE-46AA-BCF5-695650BBE66F} = {C2095ABE-A68C-4A85-82E8-D12C8D5FB2AD}
		{6AA3B516-ABFE-4EDA-98DD-1CE799DA747F} = {FC422D56-6D0C-48D8-9F47-A6B3B43623B3}
		{D3C5CCFE-698B-41C7-9A72-5FD0262765E1} = {FC422D56-6D0C-48D8-9F47-A6B3B43623B3}
		{93F88F47-1871-44CD-9622-EB8D406C969C} = {FC422D56-6D0C-48D8-9F47-A6B3B43623B3}
		{B80C5250-3D81-4742-B8A5-84AE39122BA9} = {FC422D56-6D0C-48D8-9F47-A6B3B43623B3}
		{412839A0-77FF-4B66-85C9-50DC07E8FDB7} = {FC422D56-6D0C-48D8-9F47-A6B3B43623B3}
		{21737C42-9926-4992-BBFC-F2BEA9B4561A} = {8786CE26-2414-4E8F-BC64-825BED0390E9}
		{5E9A04B8-B760-4D2F-A50D-ABF1062EEB66} = {8786CE26-2414-4E8F-BC64-825BED0390E9}
		{040A5D8B-F84B-4595-9DCB-932976F90EE0} = {8786CE26-2414-4E8F-BC64-825BED0390E9}
		{C50DAB38-75A5-47F5-A6A0-1165BBE5E283} = {8786CE26-2414-4E8F-BC64-825BED0390E9}
		{66D48A72-29CE-49B3-B397-76A8B9F5C812} = {ED325929-9D9B-45CD-9C44-B961A631E8C1}
		{98499AB1-754E-4FB5-8328-9E8FF5741970} = {ED325929-9D9B-45CD-9C44-B961A631E8C1}
		{8160C8FF-3052-4ED9-A4B7-4FF5408D8EE0} = {ED325929-9D9B-45CD-9C44-B961A631E8C1}
		{8A717526-D82A-4409-B3B4-5979820253AF} = {C2095ABE-A68C-4A85-82E8-D12C8D5FB2AD}
		{6017E08E-C81E-4507-A2AA-838F15299606} = {31567AE5-07C5-4655-B00C-22DCCF9684CF}
		{8DF766E8-189D-4845-917D-DD60EABF556A} = {FC422D56-6D0C-48D8-9F47-A6B3B43623B3}
		{FA595CBF-C9AA-4D4F-AFF7-19E571C91D00} = {FC422D56-6D0C-48D8-9F47-A6B3B43623B3}
		{E458E202-5F99-482B-AE2E-7E661ACCDBBA} = {ED325929-9D9B-45CD-9C44-B961A631E8C1}
		{4DE08169-8512-4E1C-91ED-FD42FFC0AF71} = {C2095ABE-A68C-4A85-82E8-D12C8D5FB2AD}
		{B30F66B0-D089-4259-A6A4-D8E560E99A6F} = {31567AE5-07C5-4655-B00C-22DCCF9684CF}
		{FE692FCB-46C0-47A1-80ED-EFDCC811CF69} = {C2095ABE-A68C-4A85-82E8-D12C8D5FB2AD}
		{D294DACD-668E-4397-B8E8-F1717D5653B5} = {8D715FA6-3414-48B3-ADF7-06107D21B20D}
		{8270F3AF-2B53-45E4-9795-89091CEE60D4} = {C2095ABE-A68C-4A85-82E8-D12C8D5FB2AD}
		{62AE266B-0004-49A2-8769-C4014D4E7042} = {FC422D56-6D0C-48D8-9F47-A6B3B43623B3}
		{0A8309F2-7520-4E83-ACF8-B71EE7860E09} = {FC422D56-6D0C-48D8-9F47-A6B3B43623B3}
		{51C3BAF5-6AE2-47C4-932B-25687013C2CE} = {FC422D56-6D0C-48D8-9F47-A6B3B43623B3}
		{3D8B3398-A50A-4559-B123-5C2D8213FA06} = {FC422D56-6D0C-48D8-9F47-A6B3B43623B3}
		{9FD961DA-777E-4C9C-9BF2-9EA4FD989C21} = {FC422D56-6D0C-48D8-9F47-A6B3B43623B3}
	EndGlobalSection
	GlobalSection(ExtensibilityGlobals) = postSolution
		SolutionGuid = {97B689F4-F324-4048-A586-6D7150C9C419}
	EndGlobalSection
EndGlobal
